{
  "name": "oxc-lint",
  "version": "1.0.0",
  "lockfileVersion": 3,
  "requires": true,
  "packages": {
    "": {
      "name": "oxc-lint",
      "version": "1.0.0",
      "devDependencies": {
        "oxlint": "0.16.4"
      }
    },
    "node_modules/@oxlint/darwin-arm64": {
      "version": "0.16.4",
      "resolved": "https://registry.npmjs.org/@oxlint/darwin-arm64/-/darwin-arm64-0.16.4.tgz",
      "integrity": "sha512-lxwzCWM8zkSsv+JMEAvhHoS5X+5ICq/Vupb4RAalozX2V39Y/JXNol6RBxIGD7EEmitxWBghMIMdmqW9Y0wChA==",
      "cpu": [
        "arm64"
      ],
      "dev": true,
      "license": "MIT",
      "optional": true,
      "os": [
        "darwin"
      ]
    },
    "node_modules/@oxlint/darwin-x64": {
      "version": "0.16.4",
      "resolved": "https://registry.npmjs.org/@oxlint/darwin-x64/-/darwin-x64-0.16.4.tgz",
      "integrity": "sha512-wRUxqisY7X1N88xoAFRcR3K7bPw6xqtNhaxVOaRhu5F3NIt85D80WBayoPl7TZKWTACUX55SGvAJBnOYmE7+zg==",
      "cpu": [
        "x64"
      ],
      "dev": true,
      "license": "MIT",
      "optional": true,
      "os": [
        "darwin"
      ]
    },
    "node_modules/@oxlint/linux-arm64-gnu": {
      "version": "0.16.4",
      "resolved": "https://registry.npmjs.org/@oxlint/linux-arm64-gnu/-/linux-arm64-gnu-0.16.4.tgz",
      "integrity": "sha512-veM/ve9kqTU7Qei3qjvGzXPZLT8L1vQ2nE8U78DbjrmP9i5MC1QB5ynBB9oQDJ1yce9ExmjTpIor2SF3phfXXQ==",
      "cpu": [
        "arm64"
      ],
      "dev": true,
      "license": "MIT",
      "optional": true,
      "os": [
        "linux"
      ]
    },
    "node_modules/@oxlint/linux-arm64-musl": {
      "version": "0.16.4",
      "resolved": "https://registry.npmjs.org/@oxlint/linux-arm64-musl/-/linux-arm64-musl-0.16.4.tgz",
      "integrity": "sha512-QojvKDSA43gbt3pjua+zgX0jfpyWLU6xXEBgA/Ww7HPR7Ec1pbs8lhL1Or7BQl8jywkMdzWiicPtd65+DBw/IQ==",
      "cpu": [
        "arm64"
      ],
      "dev": true,
      "license": "MIT",
      "optional": true,
      "os": [
        "linux"
      ]
    },
    "node_modules/@oxlint/linux-x64-gnu": {
      "version": "0.16.4",
      "resolved": "https://registry.npmjs.org/@oxlint/linux-x64-gnu/-/linux-x64-gnu-0.16.4.tgz",
      "integrity": "sha512-rVZhsnzQzfhQSEVc+aGoLlWdzhyuXrKxrwv0h1R9rJSB7vzBx2+D2k9LQSW1WkuhUd3Bn4CIDPakT8XUKYxvXQ==",
      "cpu": [
        "x64"
      ],
      "dev": true,
      "license": "MIT",
      "optional": true,
      "os": [
        "linux"
      ]
    },
    "node_modules/@oxlint/linux-x64-musl": {
      "version": "0.16.4",
      "resolved": "https://registry.npmjs.org/@oxlint/linux-x64-musl/-/linux-x64-musl-0.16.4.tgz",
      "integrity": "sha512-ZLc+jh8+HF5ftnvVfWA3jl1/Rq45naakC96MlmRIxHhDNsClo41ssSeANJ15shk1MbCOdEnJh7foHPvU6QmGpQ==",
      "cpu": [
        "x64"
      ],
      "dev": true,
      "license": "MIT",
      "optional": true,
      "os": [
        "linux"
      ]
    },
    "node_modules/@oxlint/win32-arm64": {
      "version": "0.16.4",
      "resolved": "https://registry.npmjs.org/@oxlint/win32-arm64/-/win32-arm64-0.16.4.tgz",
      "integrity": "sha512-/KvI2fLK5V9cPuR7rfomchRJmHBJDH7PFZINNm5o3ivmjstUVsIT2HoArjitwoVdionKKJ0Ac8Vc0xqS/Vvbcg==",
      "cpu": [
        "arm64"
      ],
      "dev": true,
      "license": "MIT",
      "optional": true,
      "os": [
        "win32"
      ]
    },
    "node_modules/@oxlint/win32-x64": {
      "version": "0.16.4",
      "resolved": "https://registry.npmjs.org/@oxlint/win32-x64/-/win32-x64-0.16.4.tgz",
      "integrity": "sha512-KS2ztiU039dooBi82i24QL6aa/4PROwg9fEcZc4o3N2BueO01a0s4nKlz/AJL+1Twa6LZJgGsQ87EcAzlj3DUA==",
      "cpu": [
        "x64"
      ],
      "dev": true,
      "license": "MIT",
      "optional": true,
      "os": [
        "win32"
      ]
    },
    "node_modules/oxlint": {
      "version": "0.16.4",
      "resolved": "https://registry.npmjs.org/oxlint/-/oxlint-0.16.4.tgz",
      "integrity": "sha512-zi/a8i2R3OJcAUx1KHGy4B8UWWCN3YLDYzlYSNX9uknfX0PJSzv632Xrw9V0Ty5Y1biD6ZuLyO+5Yy2yeG2ySA==",
      "dev": true,
      "license": "MIT",
      "bin": {
        "oxc_language_server": "bin/oxc_language_server",
        "oxlint": "bin/oxlint"
      },
      "engines": {
        "node": ">=8.*"
      },
      "funding": {
        "url": "https://github.com/sponsors/Boshen"
      },
      "optionalDependencies": {
        "@oxlint/darwin-arm64": "0.16.4",
        "@oxlint/darwin-x64": "0.16.4",
        "@oxlint/linux-arm64-gnu": "0.16.4",
        "@oxlint/linux-arm64-musl": "0.16.4",
        "@oxlint/linux-x64-gnu": "0.16.4",
        "@oxlint/linux-x64-musl": "0.16.4",
        "@oxlint/win32-arm64": "0.16.4",
        "@oxlint/win32-x64": "0.16.4"
      }
    }
  }
}
