{
  "name": "oxc-lint",
  "version": "1.0.0",
  "lockfileVersion": 3,
  "requires": true,
  "packages": {
    "": {
      "name": "oxc-lint",
      "version": "1.0.0",
      "devDependencies": {
        "oxlint": "0.16.9"
      }
    },
    "node_modules/@oxlint/darwin-arm64": {
      "version": "0.16.9",
      "resolved": "https://registry.npmjs.org/@oxlint/darwin-arm64/-/darwin-arm64-0.16.9.tgz",
      "integrity": "sha512-s8gPacumFNuDQcl0dCRLI0+efbiQrOF984brGrW1i2buJtaMzjYiunaU5TSrbHgnb/omvpFnG4l9g+YHOK/s0A==",
      "cpu": [
        "arm64"
      ],
      "dev": true,
      "license": "MIT",
      "optional": true,
      "os": [
        "darwin"
      ]
    },
    "node_modules/@oxlint/darwin-x64": {
      "version": "0.16.9",
      "resolved": "https://registry.npmjs.org/@oxlint/darwin-x64/-/darwin-x64-0.16.9.tgz",
      "integrity": "sha512-QFue9yhfRU+fkbsOmDzCCwDafPR6fnaP/M+Rocp/MMDQ7qvjbB2sj0/xxp/CcvL7aLtFklMeXPR0hCfW3LyrSw==",
      "cpu": [
        "x64"
      ],
      "dev": true,
      "license": "MIT",
      "optional": true,
      "os": [
        "darwin"
      ]
    },
    "node_modules/@oxlint/linux-arm64-gnu": {
      "version": "0.16.9",
      "resolved": "https://registry.npmjs.org/@oxlint/linux-arm64-gnu/-/linux-arm64-gnu-0.16.9.tgz",
      "integrity": "sha512-qP/wdlgqLuiW9WDkAsyMN85wQ3nqAQynjRD+1II1QO0yI9N1ZHD6LF9P5fXAqY0eJwcf3emluQMoaeveewtiCg==",
      "cpu": [
        "arm64"
      ],
      "dev": true,
      "license": "MIT",
      "optional": true,
      "os": [
        "linux"
      ]
    },
    "node_modules/@oxlint/linux-arm64-musl": {
      "version": "0.16.9",
      "resolved": "https://registry.npmjs.org/@oxlint/linux-arm64-musl/-/linux-arm64-musl-0.16.9.tgz",
      "integrity": "sha512-486wn1MIqP4hkHTnuWedTb16X6Zs3ImmmMxqzfYlcemf9kODM6yNlxal6wGvkm7SGRPYrsB/P9S5wgpzmLzKrw==",
      "cpu": [
        "arm64"
      ],
      "dev": true,
      "license": "MIT",
      "optional": true,
      "os": [
        "linux"
      ]
    },
    "node_modules/@oxlint/linux-x64-gnu": {
      "version": "0.16.9",
      "resolved": "https://registry.npmjs.org/@oxlint/linux-x64-gnu/-/linux-x64-gnu-0.16.9.tgz",
      "integrity": "sha512-d20zqy4Mimz9CxjIEJdGd6jtyyhpSryff95gNJSTvh/EA4NqvjjlbjxuHt3clNjglRwJWE3kgmUCw9U9oWFcWA==",
      "cpu": [
        "x64"
      ],
      "dev": true,
      "license": "MIT",
      "optional": true,
      "os": [
        "linux"
      ]
    },
    "node_modules/@oxlint/linux-x64-musl": {
      "version": "0.16.9",
      "resolved": "https://registry.npmjs.org/@oxlint/linux-x64-musl/-/linux-x64-musl-0.16.9.tgz",
      "integrity": "sha512-mZLshz99773RMa77YhtsgWbqE7JY4xnYSDecDy+ZkafRb0acqz1Ujiq2l4cE+HnJOGVOMaOpzG0UoQ3ZNkXNAA==",
      "cpu": [
        "x64"
      ],
      "dev": true,
      "license": "MIT",
      "optional": true,
      "os": [
        "linux"
      ]
    },
    "node_modules/@oxlint/win32-arm64": {
      "version": "0.16.9",
      "resolved": "https://registry.npmjs.org/@oxlint/win32-arm64/-/win32-arm64-0.16.9.tgz",
      "integrity": "sha512-Zp9+0CfTb7ebgvRwDO2F6NVgRtRmxWMdBnrbMRdVbKY6CCT2vjLAIILwBf5AsNLdLQC7FbXAEivSKbRX0UPyJA==",
      "cpu": [
        "arm64"
      ],
      "dev": true,
      "license": "MIT",
      "optional": true,
      "os": [
        "win32"
      ]
    },
    "node_modules/@oxlint/win32-x64": {
      "version": "0.16.9",
      "resolved": "https://registry.npmjs.org/@oxlint/win32-x64/-/win32-x64-0.16.9.tgz",
      "integrity": "sha512-6a507bALmDNFdvEbJzu9ybajryBHo+6nMWPNyu/mBguCqmconoBbQXftELd2VG/0ecxBmBcMKAQW6aONGUVc3w==",
      "cpu": [
        "x64"
      ],
      "dev": true,
      "license": "MIT",
      "optional": true,
      "os": [
        "win32"
      ]
    },
    "node_modules/oxlint": {
      "version": "0.16.9",
      "resolved": "https://registry.npmjs.org/oxlint/-/oxlint-0.16.9.tgz",
      "integrity": "sha512-YMGu177AURJxdCq45/Yw6Q+uDh9ZfU++GuLYhUz+DfIGdHpAqVlBI9lCqm2HkLc6qO8ySYZ+8ljsWHLQA8F+EQ==",
      "dev": true,
      "license": "MIT",
      "bin": {
        "oxc_language_server": "bin/oxc_language_server",
        "oxlint": "bin/oxlint"
      },
      "engines": {
        "node": ">=8.*"
      },
      "funding": {
        "url": "https://github.com/sponsors/Boshen"
      },
      "optionalDependencies": {
        "@oxlint/darwin-arm64": "0.16.9",
        "@oxlint/darwin-x64": "0.16.9",
        "@oxlint/linux-arm64-gnu": "0.16.9",
        "@oxlint/linux-arm64-musl": "0.16.9",
        "@oxlint/linux-x64-gnu": "0.16.9",
        "@oxlint/linux-x64-musl": "0.16.9",
        "@oxlint/win32-arm64": "0.16.9",
        "@oxlint/win32-x64": "0.16.9"
      }
    }
  }
}
