{
  "name": "oxc-lint",
  "version": "1.0.0",
  "lockfileVersion": 3,
  "requires": true,
  "packages": {
    "": {
      "name": "oxc-lint",
      "version": "1.0.0",
      "devDependencies": {
        "oxlint": "0.16.7"
      }
    },
    "node_modules/@oxlint/darwin-arm64": {
      "version": "0.16.7",
      "resolved": "https://registry.npmjs.org/@oxlint/darwin-arm64/-/darwin-arm64-0.16.7.tgz",
      "integrity": "sha512-VeWa9qDieR8TsjCLlQ9t0IkFQru3VSv5fwiNzqA14OKosTunFbAp0qaN4kw7bbwdtaVojwg7p0kKKX7TToyHrA==",
      "cpu": [
        "arm64"
      ],
      "dev": true,
      "license": "MIT",
      "optional": true,
      "os": [
        "darwin"
      ]
    },
    "node_modules/@oxlint/darwin-x64": {
      "version": "0.16.7",
      "resolved": "https://registry.npmjs.org/@oxlint/darwin-x64/-/darwin-x64-0.16.7.tgz",
      "integrity": "sha512-uFRVF91sKIaXAYvJuAwj2t66IW11AmQZlAf1zIAymTZkFg513y7t92SAAPQEE131RU1WF/jKkrBv6kZyiFKddw==",
      "cpu": [
        "x64"
      ],
      "dev": true,
      "license": "MIT",
      "optional": true,
      "os": [
        "darwin"
      ]
    },
    "node_modules/@oxlint/linux-arm64-gnu": {
      "version": "0.16.7",
      "resolved": "https://registry.npmjs.org/@oxlint/linux-arm64-gnu/-/linux-arm64-gnu-0.16.7.tgz",
      "integrity": "sha512-4wdrsLT8QE/89ln3WfsfLVvh+FqhDuzNTw2tiV8BNhJRORjenmNH8oX8NAvDXkA2OL/SIQ9YmFrPdh9MLdCPXA==",
      "cpu": [
        "arm64"
      ],
      "dev": true,
      "license": "MIT",
      "optional": true,
      "os": [
        "linux"
      ]
    },
    "node_modules/@oxlint/linux-arm64-musl": {
      "version": "0.16.7",
      "resolved": "https://registry.npmjs.org/@oxlint/linux-arm64-musl/-/linux-arm64-musl-0.16.7.tgz",
      "integrity": "sha512-2zC+9HrZ8Cc0w9fdrnFSmLizommZqgzFbWK7PpmNUdvcULT/NFCUA/RVfsxxEcwBCNiEcnay4xTbXnI2UUPXQA==",
      "cpu": [
        "arm64"
      ],
      "dev": true,
      "license": "MIT",
      "optional": true,
      "os": [
        "linux"
      ]
    },
    "node_modules/@oxlint/linux-x64-gnu": {
      "version": "0.16.7",
      "resolved": "https://registry.npmjs.org/@oxlint/linux-x64-gnu/-/linux-x64-gnu-0.16.7.tgz",
      "integrity": "sha512-6w7H+deX+5Y6J3mcjOTrnKTY5i/EV2O/2+U3GblOFov101W4KV1IFhkKjuHl+JvIFRi364ns98fOQNr9gk+Wsw==",
      "cpu": [
        "x64"
      ],
      "dev": true,
      "license": "MIT",
      "optional": true,
      "os": [
        "linux"
      ]
    },
    "node_modules/@oxlint/linux-x64-musl": {
      "version": "0.16.7",
      "resolved": "https://registry.npmjs.org/@oxlint/linux-x64-musl/-/linux-x64-musl-0.16.7.tgz",
      "integrity": "sha512-zFwBAzefgZNL2gQnQwiFnVmhPKXlIBp1ETjNarja56oWPUeWCwVvls1MQAvNgPjHDVdS40Vnka0DOHUelQk67Q==",
      "cpu": [
        "x64"
      ],
      "dev": true,
      "license": "MIT",
      "optional": true,
      "os": [
        "linux"
      ]
    },
    "node_modules/@oxlint/win32-arm64": {
      "version": "0.16.7",
      "resolved": "https://registry.npmjs.org/@oxlint/win32-arm64/-/win32-arm64-0.16.7.tgz",
      "integrity": "sha512-ORQS2kw73Pqn8jE0oXlTol4W9KU+83aBQ0DMRg8vCl7ghhZ3BbJl87K3C+A5eGaH7wDHj/f8WtAgW6y460JtjQ==",
      "cpu": [
        "arm64"
      ],
      "dev": true,
      "license": "MIT",
      "optional": true,
      "os": [
        "win32"
      ]
    },
    "node_modules/@oxlint/win32-x64": {
      "version": "0.16.7",
      "resolved": "https://registry.npmjs.org/@oxlint/win32-x64/-/win32-x64-0.16.7.tgz",
      "integrity": "sha512-kUGut1deJm9JnKK1mYP+5F2QaxL7yY0Z0yiSGkLHjhwuYSkpprb9z/PePcTsu2yhs4fDtOriDxT8fUZEu8xvhQ==",
      "cpu": [
        "x64"
      ],
      "dev": true,
      "license": "MIT",
      "optional": true,
      "os": [
        "win32"
      ]
    },
    "node_modules/oxlint": {
      "version": "0.16.7",
      "resolved": "https://registry.npmjs.org/oxlint/-/oxlint-0.16.7.tgz",
      "integrity": "sha512-/ab3XRLSbZT25/M2Hm7MKrcQDsqzk1DcWyfFTRidorOvYAkgk0p7gW93e7nDPHnatsdLqSWIShkXO1DFOsP3Nw==",
      "dev": true,
      "license": "MIT",
      "bin": {
        "oxc_language_server": "bin/oxc_language_server",
        "oxlint": "bin/oxlint"
      },
      "engines": {
        "node": ">=8.*"
      },
      "funding": {
        "url": "https://github.com/sponsors/Boshen"
      },
      "optionalDependencies": {
        "@oxlint/darwin-arm64": "0.16.7",
        "@oxlint/darwin-x64": "0.16.7",
        "@oxlint/linux-arm64-gnu": "0.16.7",
        "@oxlint/linux-arm64-musl": "0.16.7",
        "@oxlint/linux-x64-gnu": "0.16.7",
        "@oxlint/linux-x64-musl": "0.16.7",
        "@oxlint/win32-arm64": "0.16.7",
        "@oxlint/win32-x64": "0.16.7"
      }
    }
  }
}
