{
  "name": "oxc-lint",
  "version": "1.0.0",
  "lockfileVersion": 3,
  "requires": true,
  "packages": {
    "": {
      "name": "oxc-lint",
      "version": "1.0.0",
      "devDependencies": {
        "oxlint": "1.26.0"
      }
    },
    "node_modules/@oxlint/darwin-arm64": {
      "version": "1.26.0",
      "resolved": "https://registry.npmjs.org/@oxlint/darwin-arm64/-/darwin-arm64-1.26.0.tgz",
      "integrity": "sha512-kTmm1opqyn7iZopWHO3Ml4D/44pA5eknZBepgxCnTaPrW8XgCEUI85Q5AvOOvoNve8NziTYb8ax+CyuGJIgn/Q==",
      "cpu": [
        "arm64"
      ],
      "dev": true,
      "license": "MIT",
      "optional": true,
      "os": [
        "darwin"
      ]
    },
    "node_modules/@oxlint/darwin-x64": {
      "version": "1.26.0",
      "resolved": "https://registry.npmjs.org/@oxlint/darwin-x64/-/darwin-x64-1.26.0.tgz",
      "integrity": "sha512-/hMfZ9j7ZzVPRmMm02PHNc6MIMk0QYv5VowZJRIp40YLqLPvFfGNGZBj8e1fDVgZMFEGWDQK3yrt1uBKxXAK4Q==",
      "cpu": [
        "x64"
      ],
      "dev": true,
      "license": "MIT",
      "optional": true,
      "os": [
        "darwin"
      ]
    },
    "node_modules/@oxlint/linux-arm64-gnu": {
      "version": "1.26.0",
      "resolved": "https://registry.npmjs.org/@oxlint/linux-arm64-gnu/-/linux-arm64-gnu-1.26.0.tgz",
      "integrity": "sha512-iv4wdrwdCa8bhJxOpKlvfxqTs0LgW5tKBUMvH9B13zREHm1xT9JRZ8cQbbKiyC6LNdggwu5S6TSvODgAu7/DlA==",
      "cpu": [
        "arm64"
      ],
      "dev": true,
      "license": "MIT",
      "optional": true,
      "os": [
        "linux"
      ]
    },
    "node_modules/@oxlint/linux-arm64-musl": {
      "version": "1.26.0",
      "resolved": "https://registry.npmjs.org/@oxlint/linux-arm64-musl/-/linux-arm64-musl-1.26.0.tgz",
      "integrity": "sha512-a3gTbnN1JzedxqYeGTkg38BAs/r3Krd2DPNs/MF7nnHthT3RzkPUk47isMePLuNc4e/Weljn7m2m/Onx22tiNg==",
      "cpu": [
        "arm64"
      ],
      "dev": true,
      "license": "MIT",
      "optional": true,
      "os": [
        "linux"
      ]
    },
    "node_modules/@oxlint/linux-x64-gnu": {
      "version": "1.26.0",
      "resolved": "https://registry.npmjs.org/@oxlint/linux-x64-gnu/-/linux-x64-gnu-1.26.0.tgz",
      "integrity": "sha512-cCAyqyuKpFImjlgiBuuwSF+aDBW2h19/aCmHMTMSp6KXwhoQK7/Xx7/EhZKP5wiQJzVUYq5fXr0D8WmpLGsjRg==",
      "cpu": [
        "x64"
      ],
      "dev": true,
      "license": "MIT",
      "optional": true,
      "os": [
        "linux"
      ]
    },
    "node_modules/@oxlint/linux-x64-musl": {
      "version": "1.26.0",
      "resolved": "https://registry.npmjs.org/@oxlint/linux-x64-musl/-/linux-x64-musl-1.26.0.tgz",
      "integrity": "sha512-8VOJ4vQo0G1tNdaghxrWKjKZGg73tv+FoMDrtNYuUesqBHZN68FkYCsgPwEsacLhCmtoZrkF3ePDWDuWEpDyAg==",
      "cpu": [
        "x64"
      ],
      "dev": true,
      "license": "MIT",
      "optional": true,
      "os": [
        "linux"
      ]
    },
    "node_modules/@oxlint/win32-arm64": {
      "version": "1.26.0",
      "resolved": "https://registry.npmjs.org/@oxlint/win32-arm64/-/win32-arm64-1.26.0.tgz",
      "integrity": "sha512-N8KUtzP6gfEHKvaIBZCS9g8wRfqV5v55a/B8iJjIEhtMehcEM+UX+aYRsQ4dy5oBCrK3FEp4Yy/jHgb0moLm3Q==",
      "cpu": [
        "arm64"
      ],
      "dev": true,
      "license": "MIT",
      "optional": true,
      "os": [
        "win32"
      ]
    },
    "node_modules/@oxlint/win32-x64": {
      "version": "1.26.0",
      "resolved": "https://registry.npmjs.org/@oxlint/win32-x64/-/win32-x64-1.26.0.tgz",
      "integrity": "sha512-7tCyG0laduNQ45vzB9blVEGq/6DOvh7AFmiUAana8mTp0zIKQQmwJ21RqhazH0Rk7O6lL7JYzKcu+zaJHGpRLA==",
      "cpu": [
        "x64"
      ],
      "dev": true,
      "license": "MIT",
      "optional": true,
      "os": [
        "win32"
      ]
    },
    "node_modules/oxlint": {
      "version": "1.26.0",
      "resolved": "https://registry.npmjs.org/oxlint/-/oxlint-1.26.0.tgz",
      "integrity": "sha512-KRpL+SMi07JQyggv5ldIF+wt2pnrKm8NLW0B+8bK+0HZsLmH9/qGA+qMWie5Vf7lnlMBllJmsuzHaKFEGY3rIA==",
      "dev": true,
      "license": "MIT",
      "bin": {
        "oxc_language_server": "bin/oxc_language_server",
        "oxlint": "bin/oxlint"
      },
      "engines": {
        "node": "^20.19.0 || >=22.12.0"
      },
      "funding": {
        "url": "https://github.com/sponsors/Boshen"
      },
      "optionalDependencies": {
        "@oxlint/darwin-arm64": "1.26.0",
        "@oxlint/darwin-x64": "1.26.0",
        "@oxlint/linux-arm64-gnu": "1.26.0",
        "@oxlint/linux-arm64-musl": "1.26.0",
        "@oxlint/linux-x64-gnu": "1.26.0",
        "@oxlint/linux-x64-musl": "1.26.0",
        "@oxlint/win32-arm64": "1.26.0",
        "@oxlint/win32-x64": "1.26.0"
      },
      "peerDependencies": {
        "oxlint-tsgolint": ">=0.4.0"
      },
      "peerDependenciesMeta": {
        "oxlint-tsgolint": {
          "optional": true
        }
      }
    }
  }
}
