{
  "name": "oxc-lint",
  "version": "1.0.0",
  "lockfileVersion": 3,
  "requires": true,
  "packages": {
    "": {
      "name": "oxc-lint",
      "version": "1.0.0",
      "devDependencies": {
        "oxlint": "1.38.0"
      }
    },
    "node_modules/@oxlint/darwin-arm64": {
      "version": "1.38.0",
      "resolved": "https://registry.npmjs.org/@oxlint/darwin-arm64/-/darwin-arm64-1.38.0.tgz",
      "integrity": "sha512-9rN3047QTyA4i73FKikDUBdczRcLtOsIwZ5TsEx5Q7jr5nBjolhYQOFQf9QdhBLdInxw1iX4+lgdMCf1g74zjg==",
      "cpu": [
        "arm64"
      ],
      "dev": true,
      "license": "MIT",
      "optional": true,
      "os": [
        "darwin"
      ]
    },
    "node_modules/@oxlint/darwin-x64": {
      "version": "1.38.0",
      "resolved": "https://registry.npmjs.org/@oxlint/darwin-x64/-/darwin-x64-1.38.0.tgz",
      "integrity": "sha512-Y1UHW4KOlg5NvyrSn/bVBQP8/LRuid7Pnu+BWGbAVVsFcK0b565YgMSO3Eu9nU3w8ke91dr7NFpUmS+bVkdkbw==",
      "cpu": [
        "x64"
      ],
      "dev": true,
      "license": "MIT",
      "optional": true,
      "os": [
        "darwin"
      ]
    },
    "node_modules/@oxlint/linux-arm64-gnu": {
      "version": "1.38.0",
      "resolved": "https://registry.npmjs.org/@oxlint/linux-arm64-gnu/-/linux-arm64-gnu-1.38.0.tgz",
      "integrity": "sha512-ZiVxPZizlXSnAMdkEFWX/mAj7U3bNiku8p6I9UgLrXzgGSSAhFobx8CaFGwVoKyWOd+gQgZ/ogCrunvx2k0CFg==",
      "cpu": [
        "arm64"
      ],
      "dev": true,
      "license": "MIT",
      "optional": true,
      "os": [
        "linux"
      ]
    },
    "node_modules/@oxlint/linux-arm64-musl": {
      "version": "1.38.0",
      "resolved": "https://registry.npmjs.org/@oxlint/linux-arm64-musl/-/linux-arm64-musl-1.38.0.tgz",
      "integrity": "sha512-ELtlCIGZ72A65ATZZHFxHMFrkRtY+DYDCKiNKg6v7u5PdeOFey+OlqRXgXtXlxWjCL+g7nivwI2FPVsWqf05Qw==",
      "cpu": [
        "arm64"
      ],
      "dev": true,
      "license": "MIT",
      "optional": true,
      "os": [
        "linux"
      ]
    },
    "node_modules/@oxlint/linux-x64-gnu": {
      "version": "1.38.0",
      "resolved": "https://registry.npmjs.org/@oxlint/linux-x64-gnu/-/linux-x64-gnu-1.38.0.tgz",
      "integrity": "sha512-E1OcDh30qyng1m0EIlsOuapYkqk5QB6o6IMBjvDKqIoo6IrjlVAasoJfS/CmSH998gXRL3BcAJa6Qg9IxPFZnQ==",
      "cpu": [
        "x64"
      ],
      "dev": true,
      "license": "MIT",
      "optional": true,
      "os": [
        "linux"
      ]
    },
    "node_modules/@oxlint/linux-x64-musl": {
      "version": "1.38.0",
      "resolved": "https://registry.npmjs.org/@oxlint/linux-x64-musl/-/linux-x64-musl-1.38.0.tgz",
      "integrity": "sha512-4AfpbM/4sQnr6S1dMijEPfsq4stQbN5vJ2jsahSy/QTcvIVbFkgY+RIhrA5UWlC6eb0rD5CdaPQoKGMJGeXpYw==",
      "cpu": [
        "x64"
      ],
      "dev": true,
      "license": "MIT",
      "optional": true,
      "os": [
        "linux"
      ]
    },
    "node_modules/@oxlint/win32-arm64": {
      "version": "1.38.0",
      "resolved": "https://registry.npmjs.org/@oxlint/win32-arm64/-/win32-arm64-1.38.0.tgz",
      "integrity": "sha512-OvUVYdI68OwXh3d1RjH9N/okCxb6PrOGtEtzXyqGA7Gk+IxyZcX0/QCTBwV8FNbSSzDePSSEHOKpoIB+VXdtvg==",
      "cpu": [
        "arm64"
      ],
      "dev": true,
      "license": "MIT",
      "optional": true,
      "os": [
        "win32"
      ]
    },
    "node_modules/@oxlint/win32-x64": {
      "version": "1.38.0",
      "resolved": "https://registry.npmjs.org/@oxlint/win32-x64/-/win32-x64-1.38.0.tgz",
      "integrity": "sha512-7IuZMYiZiOcgg5zHvpJY6jRlEwh8EB/uq7GsoQJO9hANq96TIjyntGByhIjFSsL4asyZmhTEki+MO/u5Fb/WQA==",
      "cpu": [
        "x64"
      ],
      "dev": true,
      "license": "MIT",
      "optional": true,
      "os": [
        "win32"
      ]
    },
    "node_modules/oxlint": {
      "version": "1.38.0",
      "resolved": "https://registry.npmjs.org/oxlint/-/oxlint-1.38.0.tgz",
      "integrity": "sha512-XT7tBinQS+hVLxtfJOnokJ9qVBiQvZqng40tDgR6qEJMRMnpVq/JwYfbYyGntSq8MO+Y+N9M1NG4bAMFUtCJiw==",
      "dev": true,
      "license": "MIT",
      "bin": {
        "oxlint": "bin/oxlint"
      },
      "engines": {
        "node": "^20.19.0 || >=22.12.0"
      },
      "funding": {
        "url": "https://github.com/sponsors/Boshen"
      },
      "optionalDependencies": {
        "@oxlint/darwin-arm64": "1.38.0",
        "@oxlint/darwin-x64": "1.38.0",
        "@oxlint/linux-arm64-gnu": "1.38.0",
        "@oxlint/linux-arm64-musl": "1.38.0",
        "@oxlint/linux-x64-gnu": "1.38.0",
        "@oxlint/linux-x64-musl": "1.38.0",
        "@oxlint/win32-arm64": "1.38.0",
        "@oxlint/win32-x64": "1.38.0"
      },
      "peerDependencies": {
        "oxlint-tsgolint": ">=0.10.0"
      },
      "peerDependenciesMeta": {
        "oxlint-tsgolint": {
          "optional": true
        }
      }
    }
  }
}
