{
  "name": "oxc-fmt",
  "version": "1.0.0",
  "lockfileVersion": 2,
  "requires": true,
  "packages": {
    "": {
      "name": "oxc-fmt",
      "version": "1.0.0",
      "devDependencies": {
        "oxfmt": "0.5.0",
        "oxlint": "1.23.0"
      }
    },
    "node_modules/@oxfmt/darwin-arm64": {
      "version": "0.5.0",
      "resolved": "https://registry.npmjs.org/@oxfmt/darwin-arm64/-/darwin-arm64-0.5.0.tgz",
      "integrity": "sha512-2czonKk4uwiRjNgij1ZmiX8lhMFNHE3/rT/KqMCsWw/xSiPmETDvcR9bPotDLvQHyXyAWSBZrZE6x7aWzpqFSQ==",
      "cpu": [
        "arm64"
      ],
      "dev": true,
      "optional": true,
      "os": [
        "darwin"
      ]
    },
    "node_modules/@oxfmt/darwin-x64": {
      "version": "0.5.0",
      "resolved": "https://registry.npmjs.org/@oxfmt/darwin-x64/-/darwin-x64-0.5.0.tgz",
      "integrity": "sha512-8Ne/QBPmfRCxXQF9PhqwGP6+7+x4DdxtcLv7WMNsmE2A+GZaMRYonNS6gXc28rE63p7WKBNwtF9r30mD6f18yA==",
      "cpu": [
        "x64"
      ],
      "dev": true,
      "optional": true,
      "os": [
        "darwin"
      ]
    },
    "node_modules/@oxfmt/linux-arm64-gnu": {
      "version": "0.5.0",
      "resolved": "https://registry.npmjs.org/@oxfmt/linux-arm64-gnu/-/linux-arm64-gnu-0.5.0.tgz",
      "integrity": "sha512-qBQghpNXi6FJlEW7Og2JO43O3/XdYLMTuXO7M+vdIutWfuWDWzZZVjGXOlqYFdOgh4FhM43D0xyb06A+VbImgg==",
      "cpu": [
        "arm64"
      ],
      "dev": true,
      "optional": true,
      "os": [
        "linux"
      ]
    },
    "node_modules/@oxfmt/linux-arm64-musl": {
      "version": "0.5.0",
      "resolved": "https://registry.npmjs.org/@oxfmt/linux-arm64-musl/-/linux-arm64-musl-0.5.0.tgz",
      "integrity": "sha512-epwFyUfmagnnZ+VqtBtfI23tXgGTra9TlFNSAvTL+CnFrPEoyNgvuarP8a+rcz4a1jwtQcmjiglnHgmE5cQO3g==",
      "cpu": [
        "arm64"
      ],
      "dev": true,
      "optional": true,
      "os": [
        "linux"
      ]
    },
    "node_modules/@oxfmt/linux-x64-gnu": {
      "version": "0.5.0",
      "resolved": "https://registry.npmjs.org/@oxfmt/linux-x64-gnu/-/linux-x64-gnu-0.5.0.tgz",
      "integrity": "sha512-47weEDQwidwSsi7v80UZUIrV6aJHeBbv7xAxfa26ZZW1WtqjzwFBMIeWTK8/czgkc+3d07+i4lUym4dzYVbc0w==",
      "cpu": [
        "x64"
      ],
      "dev": true,
      "optional": true,
      "os": [
        "linux"
      ]
    },
    "node_modules/@oxfmt/linux-x64-musl": {
      "version": "0.5.0",
      "resolved": "https://registry.npmjs.org/@oxfmt/linux-x64-musl/-/linux-x64-musl-0.5.0.tgz",
      "integrity": "sha512-6PoHL2dQeqX9oFa+MK8toftKAXiinQkX3OaLDkkhccnFjR7juTGY49zM3N4nxFfhWpzUafPHZfx/eZqOgMUx6w==",
      "cpu": [
        "x64"
      ],
      "dev": true,
      "optional": true,
      "os": [
        "linux"
      ]
    },
    "node_modules/@oxfmt/win32-arm64": {
      "version": "0.5.0",
      "resolved": "https://registry.npmjs.org/@oxfmt/win32-arm64/-/win32-arm64-0.5.0.tgz",
      "integrity": "sha512-BUp6t2ah86pp182nhTpi4LIuXfijE1gEzFb8wVG/3Odxsxj5RZod6ceU2a9tTc/gQ1nBakHPjaGt667GyS+KXA==",
      "cpu": [
        "arm64"
      ],
      "dev": true,
      "optional": true,
      "os": [
        "win32"
      ]
    },
    "node_modules/@oxfmt/win32-x64": {
      "version": "0.5.0",
      "resolved": "https://registry.npmjs.org/@oxfmt/win32-x64/-/win32-x64-0.5.0.tgz",
      "integrity": "sha512-Ii1yPu89ulgocsfH/kqO6+CLhRLuT2EtyvM7JrhoDlwvDNG89NDfVIRVpZtC24UiyQBKJFVreMTnF6GGX/wbeQ==",
      "cpu": [
        "x64"
      ],
      "dev": true,
      "optional": true,
      "os": [
        "win32"
      ]
    },
    "node_modules/@oxlint/darwin-arm64": {
      "version": "1.23.0",
      "resolved": "https://registry.npmjs.org/@oxlint/darwin-arm64/-/darwin-arm64-1.23.0.tgz",
      "integrity": "sha512-sbxoftgEMKmZQO7O4wHR9Rs7MfiHa2UH2x4QJDoc4LXqSCsI4lUIJbFQ05vX+zOUbt7CQMPdxEzExd4DqeKY2w==",
      "cpu": [
        "arm64"
      ],
      "dev": true,
      "optional": true,
      "os": [
        "darwin"
      ]
    },
    "node_modules/@oxlint/darwin-x64": {
      "version": "1.23.0",
      "resolved": "https://registry.npmjs.org/@oxlint/darwin-x64/-/darwin-x64-1.23.0.tgz",
      "integrity": "sha512-PjByWr1TlwHQiOqEc8CPyXCT4wnujSK3n9l1m4un0Eh0uLJEDG5WM9tyDWOGuakC0Ika9/SMp0HDRg3ySchRRA==",
      "cpu": [
        "x64"
      ],
      "dev": true,
      "optional": true,
      "os": [
        "darwin"
      ]
    },
    "node_modules/@oxlint/linux-arm64-gnu": {
      "version": "1.23.0",
      "resolved": "https://registry.npmjs.org/@oxlint/linux-arm64-gnu/-/linux-arm64-gnu-1.23.0.tgz",
      "integrity": "sha512-sWlCwQ6xKeKC08qU3SfozqpRGCLJiO/onPYFJKEHbjzHkFp+OubOacFaT4ePcka28jCU1TvQ7Gi5BVQRncr0Xg==",
      "cpu": [
        "arm64"
      ],
      "dev": true,
      "optional": true,
      "os": [
        "linux"
      ]
    },
    "node_modules/@oxlint/linux-arm64-musl": {
      "version": "1.23.0",
      "resolved": "https://registry.npmjs.org/@oxlint/linux-arm64-musl/-/linux-arm64-musl-1.23.0.tgz",
      "integrity": "sha512-MPkmSiezuVgjMbzDSkRhENdnb038JOI+OTpBrOho2crbCAuqSRvyFwkMRhncJGZskzo1yeKxrKXB8T83ofmSXw==",
      "cpu": [
        "arm64"
      ],
      "dev": true,
      "optional": true,
      "os": [
        "linux"
      ]
    },
    "node_modules/@oxlint/linux-x64-gnu": {
      "version": "1.23.0",
      "resolved": "https://registry.npmjs.org/@oxlint/linux-x64-gnu/-/linux-x64-gnu-1.23.0.tgz",
      "integrity": "sha512-F6H9wmLfjBoNqtsgyg3P9abLnkVjNbCAnISKdRtDl7HvkMs4s/eU8np9+tSnqPeKOTBhkS+h/VSWgPGZTqIWQA==",
      "cpu": [
        "x64"
      ],
      "dev": true,
      "optional": true,
      "os": [
        "linux"
      ]
    },
    "node_modules/@oxlint/linux-x64-musl": {
      "version": "1.23.0",
      "resolved": "https://registry.npmjs.org/@oxlint/linux-x64-musl/-/linux-x64-musl-1.23.0.tgz",
      "integrity": "sha512-Xra0Cow35mAku8mbUbviPRalTU4Ct6MXQ1Eue8GmN4HFkjosrNa5qfy7QkJBqzjiI+JdnHxPXwackGn92/XOQw==",
      "cpu": [
        "x64"
      ],
      "dev": true,
      "optional": true,
      "os": [
        "linux"
      ]
    },
    "node_modules/@oxlint/win32-arm64": {
      "version": "1.23.0",
      "resolved": "https://registry.npmjs.org/@oxlint/win32-arm64/-/win32-arm64-1.23.0.tgz",
      "integrity": "sha512-FR+I+uGD3eFzTfBw87QRr+Y1jBYil3TqPM0wkSvuf3gOJTEXAfSkh9QHCgQqrseW3HDW7YJJ8ty1+sU31H/N4g==",
      "cpu": [
        "arm64"
      ],
      "dev": true,
      "optional": true,
      "os": [
        "win32"
      ]
    },
    "node_modules/@oxlint/win32-x64": {
      "version": "1.23.0",
      "resolved": "https://registry.npmjs.org/@oxlint/win32-x64/-/win32-x64-1.23.0.tgz",
      "integrity": "sha512-/oX0b26YIC1OgS5B+G8Ux1Vs/PIjOP4CBRzsPpYr0T+RoboJ3ZuV32bztLRggJKQqIlozcqiRo9fl/UMOMp8kQ==",
      "cpu": [
        "x64"
      ],
      "dev": true,
      "optional": true,
      "os": [
        "win32"
      ]
    },
    "node_modules/oxfmt": {
      "version": "0.5.0",
      "resolved": "https://registry.npmjs.org/oxfmt/-/oxfmt-0.5.0.tgz",
      "integrity": "sha512-nsMR1XOq/7qHjussSD/37xZMbo0ySc+h6eBMnJ9go42BCadatXqNrUIhJ5lwP9HnKcHslDAGnXy16VTTsnvrbA==",
      "dev": true,
      "bin": {
        "oxfmt": "bin/oxfmt"
      },
      "engines": {
        "node": "^20.19.0 || >=22.12.0"
      },
      "funding": {
        "url": "https://github.com/sponsors/Boshen"
      },
      "optionalDependencies": {
        "@oxfmt/darwin-arm64": "0.5.0",
        "@oxfmt/darwin-x64": "0.5.0",
        "@oxfmt/linux-arm64-gnu": "0.5.0",
        "@oxfmt/linux-arm64-musl": "0.5.0",
        "@oxfmt/linux-x64-gnu": "0.5.0",
        "@oxfmt/linux-x64-musl": "0.5.0",
        "@oxfmt/win32-arm64": "0.5.0",
        "@oxfmt/win32-x64": "0.5.0"
      }
    },
    "node_modules/oxlint": {
      "version": "1.23.0",
      "resolved": "https://registry.npmjs.org/oxlint/-/oxlint-1.23.0.tgz",
      "integrity": "sha512-cLVdSE7Bza8npm+PffU0oufs15+M5uSMbQn0k2fJCayWU0xqQ3dyA3w9tEk8lgNOk1j1VJEdYctz64Vik8VG1w==",
      "dev": true,
      "bin": {
        "oxc_language_server": "bin/oxc_language_server",
        "oxlint": "bin/oxlint"
      },
      "engines": {
        "node": "^20.19.0 || >=22.12.0"
      },
      "funding": {
        "url": "https://github.com/sponsors/Boshen"
      },
      "optionalDependencies": {
        "@oxlint/darwin-arm64": "1.23.0",
        "@oxlint/darwin-x64": "1.23.0",
        "@oxlint/linux-arm64-gnu": "1.23.0",
        "@oxlint/linux-arm64-musl": "1.23.0",
        "@oxlint/linux-x64-gnu": "1.23.0",
        "@oxlint/linux-x64-musl": "1.23.0",
        "@oxlint/win32-arm64": "1.23.0",
        "@oxlint/win32-x64": "1.23.0"
      },
      "peerDependencies": {
        "oxlint-tsgolint": ">=0.2.0"
      },
      "peerDependenciesMeta": {
        "oxlint-tsgolint": {
          "optional": true
        }
      }
    }
  },
  "dependencies": {
    "@oxfmt/darwin-arm64": {
      "version": "0.5.0",
      "resolved": "https://registry.npmjs.org/@oxfmt/darwin-arm64/-/darwin-arm64-0.5.0.tgz",
      "integrity": "sha512-2czonKk4uwiRjNgij1ZmiX8lhMFNHE3/rT/KqMCsWw/xSiPmETDvcR9bPotDLvQHyXyAWSBZrZE6x7aWzpqFSQ==",
      "dev": true,
      "optional": true
    },
    "@oxfmt/darwin-x64": {
      "version": "0.5.0",
      "resolved": "https://registry.npmjs.org/@oxfmt/darwin-x64/-/darwin-x64-0.5.0.tgz",
      "integrity": "sha512-8Ne/QBPmfRCxXQF9PhqwGP6+7+x4DdxtcLv7WMNsmE2A+GZaMRYonNS6gXc28rE63p7WKBNwtF9r30mD6f18yA==",
      "dev": true,
      "optional": true
    },
    "@oxfmt/linux-arm64-gnu": {
      "version": "0.5.0",
      "resolved": "https://registry.npmjs.org/@oxfmt/linux-arm64-gnu/-/linux-arm64-gnu-0.5.0.tgz",
      "integrity": "sha512-qBQghpNXi6FJlEW7Og2JO43O3/XdYLMTuXO7M+vdIutWfuWDWzZZVjGXOlqYFdOgh4FhM43D0xyb06A+VbImgg==",
      "dev": true,
      "optional": true
    },
    "@oxfmt/linux-arm64-musl": {
      "version": "0.5.0",
      "resolved": "https://registry.npmjs.org/@oxfmt/linux-arm64-musl/-/linux-arm64-musl-0.5.0.tgz",
      "integrity": "sha512-epwFyUfmagnnZ+VqtBtfI23tXgGTra9TlFNSAvTL+CnFrPEoyNgvuarP8a+rcz4a1jwtQcmjiglnHgmE5cQO3g==",
      "dev": true,
      "optional": true
    },
    "@oxfmt/linux-x64-gnu": {
      "version": "0.5.0",
      "resolved": "https://registry.npmjs.org/@oxfmt/linux-x64-gnu/-/linux-x64-gnu-0.5.0.tgz",
      "integrity": "sha512-47weEDQwidwSsi7v80UZUIrV6aJHeBbv7xAxfa26ZZW1WtqjzwFBMIeWTK8/czgkc+3d07+i4lUym4dzYVbc0w==",
      "dev": true,
      "optional": true
    },
    "@oxfmt/linux-x64-musl": {
      "version": "0.5.0",
      "resolved": "https://registry.npmjs.org/@oxfmt/linux-x64-musl/-/linux-x64-musl-0.5.0.tgz",
      "integrity": "sha512-6PoHL2dQeqX9oFa+MK8toftKAXiinQkX3OaLDkkhccnFjR7juTGY49zM3N4nxFfhWpzUafPHZfx/eZqOgMUx6w==",
      "dev": true,
      "optional": true
    },
    "@oxfmt/win32-arm64": {
      "version": "0.5.0",
      "resolved": "https://registry.npmjs.org/@oxfmt/win32-arm64/-/win32-arm64-0.5.0.tgz",
      "integrity": "sha512-BUp6t2ah86pp182nhTpi4LIuXfijE1gEzFb8wVG/3Odxsxj5RZod6ceU2a9tTc/gQ1nBakHPjaGt667GyS+KXA==",
      "dev": true,
      "optional": true
    },
    "@oxfmt/win32-x64": {
      "version": "0.5.0",
      "resolved": "https://registry.npmjs.org/@oxfmt/win32-x64/-/win32-x64-0.5.0.tgz",
      "integrity": "sha512-Ii1yPu89ulgocsfH/kqO6+CLhRLuT2EtyvM7JrhoDlwvDNG89NDfVIRVpZtC24UiyQBKJFVreMTnF6GGX/wbeQ==",
      "dev": true,
      "optional": true
    },
    "@oxlint/darwin-arm64": {
      "version": "1.23.0",
      "resolved": "https://registry.npmjs.org/@oxlint/darwin-arm64/-/darwin-arm64-1.23.0.tgz",
      "integrity": "sha512-sbxoftgEMKmZQO7O4wHR9Rs7MfiHa2UH2x4QJDoc4LXqSCsI4lUIJbFQ05vX+zOUbt7CQMPdxEzExd4DqeKY2w==",
      "dev": true,
      "optional": true
    },
    "@oxlint/darwin-x64": {
      "version": "1.23.0",
      "resolved": "https://registry.npmjs.org/@oxlint/darwin-x64/-/darwin-x64-1.23.0.tgz",
      "integrity": "sha512-PjByWr1TlwHQiOqEc8CPyXCT4wnujSK3n9l1m4un0Eh0uLJEDG5WM9tyDWOGuakC0Ika9/SMp0HDRg3ySchRRA==",
      "dev": true,
      "optional": true
    },
    "@oxlint/linux-arm64-gnu": {
      "version": "1.23.0",
      "resolved": "https://registry.npmjs.org/@oxlint/linux-arm64-gnu/-/linux-arm64-gnu-1.23.0.tgz",
      "integrity": "sha512-sWlCwQ6xKeKC08qU3SfozqpRGCLJiO/onPYFJKEHbjzHkFp+OubOacFaT4ePcka28jCU1TvQ7Gi5BVQRncr0Xg==",
      "dev": true,
      "optional": true
    },
    "@oxlint/linux-arm64-musl": {
      "version": "1.23.0",
      "resolved": "https://registry.npmjs.org/@oxlint/linux-arm64-musl/-/linux-arm64-musl-1.23.0.tgz",
      "integrity": "sha512-MPkmSiezuVgjMbzDSkRhENdnb038JOI+OTpBrOho2crbCAuqSRvyFwkMRhncJGZskzo1yeKxrKXB8T83ofmSXw==",
      "dev": true,
      "optional": true
    },
    "@oxlint/linux-x64-gnu": {
      "version": "1.23.0",
      "resolved": "https://registry.npmjs.org/@oxlint/linux-x64-gnu/-/linux-x64-gnu-1.23.0.tgz",
      "integrity": "sha512-F6H9wmLfjBoNqtsgyg3P9abLnkVjNbCAnISKdRtDl7HvkMs4s/eU8np9+tSnqPeKOTBhkS+h/VSWgPGZTqIWQA==",
      "dev": true,
      "optional": true
    },
    "@oxlint/linux-x64-musl": {
      "version": "1.23.0",
      "resolved": "https://registry.npmjs.org/@oxlint/linux-x64-musl/-/linux-x64-musl-1.23.0.tgz",
      "integrity": "sha512-Xra0Cow35mAku8mbUbviPRalTU4Ct6MXQ1Eue8GmN4HFkjosrNa5qfy7QkJBqzjiI+JdnHxPXwackGn92/XOQw==",
      "dev": true,
      "optional": true
    },
    "@oxlint/win32-arm64": {
      "version": "1.23.0",
      "resolved": "https://registry.npmjs.org/@oxlint/win32-arm64/-/win32-arm64-1.23.0.tgz",
      "integrity": "sha512-FR+I+uGD3eFzTfBw87QRr+Y1jBYil3TqPM0wkSvuf3gOJTEXAfSkh9QHCgQqrseW3HDW7YJJ8ty1+sU31H/N4g==",
      "dev": true,
      "optional": true
    },
    "@oxlint/win32-x64": {
      "version": "1.23.0",
      "resolved": "https://registry.npmjs.org/@oxlint/win32-x64/-/win32-x64-1.23.0.tgz",
      "integrity": "sha512-/oX0b26YIC1OgS5B+G8Ux1Vs/PIjOP4CBRzsPpYr0T+RoboJ3ZuV32bztLRggJKQqIlozcqiRo9fl/UMOMp8kQ==",
      "dev": true,
      "optional": true
    },
    "oxfmt": {
      "version": "0.5.0",
      "resolved": "https://registry.npmjs.org/oxfmt/-/oxfmt-0.5.0.tgz",
      "integrity": "sha512-nsMR1XOq/7qHjussSD/37xZMbo0ySc+h6eBMnJ9go42BCadatXqNrUIhJ5lwP9HnKcHslDAGnXy16VTTsnvrbA==",
      "dev": true,
      "requires": {
        "@oxfmt/darwin-arm64": "0.5.0",
        "@oxfmt/darwin-x64": "0.5.0",
        "@oxfmt/linux-arm64-gnu": "0.5.0",
        "@oxfmt/linux-arm64-musl": "0.5.0",
        "@oxfmt/linux-x64-gnu": "0.5.0",
        "@oxfmt/linux-x64-musl": "0.5.0",
        "@oxfmt/win32-arm64": "0.5.0",
        "@oxfmt/win32-x64": "0.5.0"
      }
    },
    "oxlint": {
      "version": "1.23.0",
      "resolved": "https://registry.npmjs.org/oxlint/-/oxlint-1.23.0.tgz",
      "integrity": "sha512-cLVdSE7Bza8npm+PffU0oufs15+M5uSMbQn0k2fJCayWU0xqQ3dyA3w9tEk8lgNOk1j1VJEdYctz64Vik8VG1w==",
      "dev": true,
      "requires": {
        "@oxlint/darwin-arm64": "1.23.0",
        "@oxlint/darwin-x64": "1.23.0",
        "@oxlint/linux-arm64-gnu": "1.23.0",
        "@oxlint/linux-arm64-musl": "1.23.0",
        "@oxlint/linux-x64-gnu": "1.23.0",
        "@oxlint/linux-x64-musl": "1.23.0",
        "@oxlint/win32-arm64": "1.23.0",
        "@oxlint/win32-x64": "1.23.0"
      }
    }
  }
}
