{
  "name": "oxc-lint",
  "version": "1.0.0",
  "lockfileVersion": 3,
  "requires": true,
  "packages": {
    "": {
      "name": "oxc-lint",
      "version": "1.0.0",
      "devDependencies": {
        "oxlint": "1.29.0"
      }
    },
    "node_modules/@oxlint/darwin-arm64": {
      "version": "1.29.0",
      "resolved": "https://registry.npmjs.org/@oxlint/darwin-arm64/-/darwin-arm64-1.29.0.tgz",
      "integrity": "sha512-XYsieDAI0kXJyvayHnmOW1qVydqklRRVT4O5eZmO/rdNCku5CoXsZvBvkPc3U8/9V1mRuen1sxbM9T5JsZqhdA==",
      "cpu": [
        "arm64"
      ],
      "dev": true,
      "license": "MIT",
      "optional": true,
      "os": [
        "darwin"
      ]
    },
    "node_modules/@oxlint/darwin-x64": {
      "version": "1.29.0",
      "resolved": "https://registry.npmjs.org/@oxlint/darwin-x64/-/darwin-x64-1.29.0.tgz",
      "integrity": "sha512-s+Ch5/4zDJ6wsOk95xY3BS5mtE2JzHLz7gVZ9OWA9EvhVO84wz2YbDp2JaA314yyqhlX5SAkZ6fj3BRMIcQIqg==",
      "cpu": [
        "x64"
      ],
      "dev": true,
      "license": "MIT",
      "optional": true,
      "os": [
        "darwin"
      ]
    },
    "node_modules/@oxlint/linux-arm64-gnu": {
      "version": "1.29.0",
      "resolved": "https://registry.npmjs.org/@oxlint/linux-arm64-gnu/-/linux-arm64-gnu-1.29.0.tgz",
      "integrity": "sha512-qLCgdUkDBG8muK1o3mPgf31rvCPzj1Xff9DHlJjfv+B0ee/hJ2LAoK8EIsQedfQuuiAccOe9GG65BivGCTgKOg==",
      "cpu": [
        "arm64"
      ],
      "dev": true,
      "license": "MIT",
      "optional": true,
      "os": [
        "linux"
      ]
    },
    "node_modules/@oxlint/linux-arm64-musl": {
      "version": "1.29.0",
      "resolved": "https://registry.npmjs.org/@oxlint/linux-arm64-musl/-/linux-arm64-musl-1.29.0.tgz",
      "integrity": "sha512-qe62yb1fyW51wo1VBpx9AJJ1Ih1T8NYDeR9AmpNGkrmKN8u3pPbcGXM4mCrOwpwJUG9M/oFvCIlIz2RhawHlkA==",
      "cpu": [
        "arm64"
      ],
      "dev": true,
      "license": "MIT",
      "optional": true,
      "os": [
        "linux"
      ]
    },
    "node_modules/@oxlint/linux-x64-gnu": {
      "version": "1.29.0",
      "resolved": "https://registry.npmjs.org/@oxlint/linux-x64-gnu/-/linux-x64-gnu-1.29.0.tgz",
      "integrity": "sha512-4x7p2iVoSE2aT9qI1JOLxUAv3UuzMYGBYWBA4ZF8ln99AdUo1eo0snFacPNd6I/ZZNcv5TegXC+0EUhp5MfYBw==",
      "cpu": [
        "x64"
      ],
      "dev": true,
      "license": "MIT",
      "optional": true,
      "os": [
        "linux"
      ]
    },
    "node_modules/@oxlint/linux-x64-musl": {
      "version": "1.29.0",
      "resolved": "https://registry.npmjs.org/@oxlint/linux-x64-musl/-/linux-x64-musl-1.29.0.tgz",
      "integrity": "sha512-BdH5gdRpaYpyZn2Zm+MCS4b1YmXNe7QyQhw0fawuou+N1LrdAyELgvqI5xXZ1MXCgWDOa6WJaoE6VOPaDc29GA==",
      "cpu": [
        "x64"
      ],
      "dev": true,
      "license": "MIT",
      "optional": true,
      "os": [
        "linux"
      ]
    },
    "node_modules/@oxlint/win32-arm64": {
      "version": "1.29.0",
      "resolved": "https://registry.npmjs.org/@oxlint/win32-arm64/-/win32-arm64-1.29.0.tgz",
      "integrity": "sha512-y+j9ZDrnMxvRTNIstZKFY7gJD07nT++c4cGmub1ENvhoHVToiQAAZQUOLDhXXRzCrFoG/cFJXJf72uowHZPbcg==",
      "cpu": [
        "arm64"
      ],
      "dev": true,
      "license": "MIT",
      "optional": true,
      "os": [
        "win32"
      ]
    },
    "node_modules/@oxlint/win32-x64": {
      "version": "1.29.0",
      "resolved": "https://registry.npmjs.org/@oxlint/win32-x64/-/win32-x64-1.29.0.tgz",
      "integrity": "sha512-F1iRtq8VT96lT8hqOubLyV0GxgIK/XdXk2kFLXdCspiI2ngXeNmTTvmPxrj+WFL6fpJPgv7VKWRb/zEHJnNOrg==",
      "cpu": [
        "x64"
      ],
      "dev": true,
      "license": "MIT",
      "optional": true,
      "os": [
        "win32"
      ]
    },
    "node_modules/oxlint": {
      "version": "1.29.0",
      "resolved": "https://registry.npmjs.org/oxlint/-/oxlint-1.29.0.tgz",
      "integrity": "sha512-YqUVUhTYDqazV2qu3QSQn/H4Z1OP+fTnedgZWDk1/lDZxGfR0b1MqRVaEm3rRjBMLHP0zXlriIWUx+DD6UMaPA==",
      "dev": true,
      "license": "MIT",
      "bin": {
        "oxc_language_server": "bin/oxc_language_server",
        "oxlint": "bin/oxlint"
      },
      "engines": {
        "node": "^20.19.0 || >=22.12.0"
      },
      "funding": {
        "url": "https://github.com/sponsors/Boshen"
      },
      "optionalDependencies": {
        "@oxlint/darwin-arm64": "1.29.0",
        "@oxlint/darwin-x64": "1.29.0",
        "@oxlint/linux-arm64-gnu": "1.29.0",
        "@oxlint/linux-arm64-musl": "1.29.0",
        "@oxlint/linux-x64-gnu": "1.29.0",
        "@oxlint/linux-x64-musl": "1.29.0",
        "@oxlint/win32-arm64": "1.29.0",
        "@oxlint/win32-x64": "1.29.0"
      },
      "peerDependencies": {
        "oxlint-tsgolint": ">=0.7.1"
      },
      "peerDependenciesMeta": {
        "oxlint-tsgolint": {
          "optional": true
        }
      }
    }
  }
}
