{
  "name": "oxc-lint",
  "version": "1.0.0",
  "lockfileVersion": 3,
  "requires": true,
  "packages": {
    "": {
      "name": "oxc-lint",
      "version": "1.0.0",
      "devDependencies": {
        "oxlint": "1.41.0"
      }
    },
    "node_modules/@oxlint/darwin-arm64": {
      "version": "1.41.0",
      "resolved": "https://registry.npmjs.org/@oxlint/darwin-arm64/-/darwin-arm64-1.41.0.tgz",
      "integrity": "sha512-K0Bs0cNW11oWdSrKmrollKF44HMM2HKr4QidZQHMlhJcSX8pozxv0V5FLdqB4sddzCY0J9Wuuw+oRAfR8sdRwA==",
      "cpu": [
        "arm64"
      ],
      "dev": true,
      "license": "MIT",
      "optional": true,
      "os": [
        "darwin"
      ]
    },
    "node_modules/@oxlint/darwin-x64": {
      "version": "1.41.0",
      "resolved": "https://registry.npmjs.org/@oxlint/darwin-x64/-/darwin-x64-1.41.0.tgz",
      "integrity": "sha512-1LCCXCe9nN8LbrJ1QOGari2HqnxrZrveYKysWDIg8gFsQglIg00XF/8lRbA0kWHMdLgt4X0wfNYhhFz+c3XXLQ==",
      "cpu": [
        "x64"
      ],
      "dev": true,
      "license": "MIT",
      "optional": true,
      "os": [
        "darwin"
      ]
    },
    "node_modules/@oxlint/linux-arm64-gnu": {
      "version": "1.41.0",
      "resolved": "https://registry.npmjs.org/@oxlint/linux-arm64-gnu/-/linux-arm64-gnu-1.41.0.tgz",
      "integrity": "sha512-Fow7H84Bs8XxuaK1yfSEWBC8HI7rfEQB9eR2A0J61un1WgCas7jNrt1HbT6+p6KmUH2bhR+r/RDu/6JFAvvj4g==",
      "cpu": [
        "arm64"
      ],
      "dev": true,
      "license": "MIT",
      "optional": true,
      "os": [
        "linux"
      ]
    },
    "node_modules/@oxlint/linux-arm64-musl": {
      "version": "1.41.0",
      "resolved": "https://registry.npmjs.org/@oxlint/linux-arm64-musl/-/linux-arm64-musl-1.41.0.tgz",
      "integrity": "sha512-WoRRDNwgP5W3rjRh42Zdx8ferYnqpKoYCv2QQLenmdrLjRGYwAd52uywfkcS45mKEWHeY1RPwPkYCSROXiGb2w==",
      "cpu": [
        "arm64"
      ],
      "dev": true,
      "license": "MIT",
      "optional": true,
      "os": [
        "linux"
      ]
    },
    "node_modules/@oxlint/linux-x64-gnu": {
      "version": "1.41.0",
      "resolved": "https://registry.npmjs.org/@oxlint/linux-x64-gnu/-/linux-x64-gnu-1.41.0.tgz",
      "integrity": "sha512-75k3CKj3fOc/a/2aSgO81s3HsTZOFROthPJ+UI2Oatic1LhvH6eKjKfx3jDDyVpzeDS2qekPlc/y3N33iZz5Og==",
      "cpu": [
        "x64"
      ],
      "dev": true,
      "license": "MIT",
      "optional": true,
      "os": [
        "linux"
      ]
    },
    "node_modules/@oxlint/linux-x64-musl": {
      "version": "1.41.0",
      "resolved": "https://registry.npmjs.org/@oxlint/linux-x64-musl/-/linux-x64-musl-1.41.0.tgz",
      "integrity": "sha512-8r82eBwGPoAPn67ZvdxTlX/Z3gVb+ZtN6nbkyFzwwHWAh8yGutX+VBcVkyrePSl6XgBP4QAaddPnHmkvJjqY0g==",
      "cpu": [
        "x64"
      ],
      "dev": true,
      "license": "MIT",
      "optional": true,
      "os": [
        "linux"
      ]
    },
    "node_modules/@oxlint/win32-arm64": {
      "version": "1.41.0",
      "resolved": "https://registry.npmjs.org/@oxlint/win32-arm64/-/win32-arm64-1.41.0.tgz",
      "integrity": "sha512-aK+DAcckQsNCOXKruatyYuY/ROjNiRejQB1PeJtkZwM21+8rV9ODYbvKNvt0pW+YCws7svftBSFMCpl3ke2unw==",
      "cpu": [
        "arm64"
      ],
      "dev": true,
      "license": "MIT",
      "optional": true,
      "os": [
        "win32"
      ]
    },
    "node_modules/@oxlint/win32-x64": {
      "version": "1.41.0",
      "resolved": "https://registry.npmjs.org/@oxlint/win32-x64/-/win32-x64-1.41.0.tgz",
      "integrity": "sha512-dVBXkZ6MGLd3owV7jvuqJsZwiF3qw7kEkDVsYVpS/O96eEvlHcxVbaPjJjrTBgikXqyC22vg3dxBU7MW0utGfw==",
      "cpu": [
        "x64"
      ],
      "dev": true,
      "license": "MIT",
      "optional": true,
      "os": [
        "win32"
      ]
    },
    "node_modules/oxlint": {
      "version": "1.41.0",
      "resolved": "https://registry.npmjs.org/oxlint/-/oxlint-1.41.0.tgz",
      "integrity": "sha512-Dyaoup82uhgAgp5xLNt4dPdvl5eSJTIzqzL7DcKbkooUE4PDViWURIPlSUF8hu5a+sCnNIp/LlQMDsKoyaLTBA==",
      "dev": true,
      "license": "MIT",
      "bin": {
        "oxlint": "bin/oxlint"
      },
      "engines": {
        "node": "^20.19.0 || >=22.12.0"
      },
      "funding": {
        "url": "https://github.com/sponsors/Boshen"
      },
      "optionalDependencies": {
        "@oxlint/darwin-arm64": "1.41.0",
        "@oxlint/darwin-x64": "1.41.0",
        "@oxlint/linux-arm64-gnu": "1.41.0",
        "@oxlint/linux-arm64-musl": "1.41.0",
        "@oxlint/linux-x64-gnu": "1.41.0",
        "@oxlint/linux-x64-musl": "1.41.0",
        "@oxlint/win32-arm64": "1.41.0",
        "@oxlint/win32-x64": "1.41.0"
      },
      "peerDependencies": {
        "oxlint-tsgolint": ">=0.11.1"
      },
      "peerDependenciesMeta": {
        "oxlint-tsgolint": {
          "optional": true
        }
      }
    }
  }
}
