lockfileVersion: '9.0'

settings:
  autoInstallPeers: true
  excludeLinksFromLockfile: false

importers:

  .:
    devDependencies:
      oxlint:
        specifier: 1.70.0
        version: 1.70.0

packages:

  '@oxlint/binding-android-arm-eabi@1.70.0':
    resolution: {integrity: sha512-zFh0P4cswmRvw6nkyb89dr18rRanuaCPAsEXsFDoQY8WdaquI8Pt4NWFjaMJg6L23cy5NeN8J9cBnREbWzZhaw==}
    engines: {node: ^20.19.0 || >=22.12.0}
    cpu: [arm]
    os: [android]

  '@oxlint/binding-android-arm64@1.70.0':
    resolution: {integrity: sha512-qI8o4HZjeGiBrWv+pJv4lH0Yi2Gl/JSp/EumBUApezJprIKa5PS4nU0lQsQngtky8k+SplQIOjv6hwu0SSxeyg==}
    engines: {node: ^20.19.0 || >=22.12.0}
    cpu: [arm64]
    os: [android]

  '@oxlint/binding-darwin-arm64@1.70.0':
    resolution: {integrity: sha512-8KjgVVHI5F9nVwHCRwwA78Ty7zNKP4Wd9OeN5PSv3iu/F/u1RVXoOCgLhWqust6HmwQG6xc8c+RCyaWENy24+w==}
    engines: {node: ^20.19.0 || >=22.12.0}
    cpu: [arm64]
    os: [darwin]

  '@oxlint/binding-darwin-x64@1.70.0':
    resolution: {integrity: sha512-WVydssv5PSUBXFJTdNBWlmGkbNmvPGaFt/2SUT/EZRB6bq6bEOHmMlbnupZD5jmlEvi9+mZJHi8TCw15lyfSfQ==}
    engines: {node: ^20.19.0 || >=22.12.0}
    cpu: [x64]
    os: [darwin]

  '@oxlint/binding-freebsd-x64@1.70.0':
    resolution: {integrity: sha512-hJucmUf8OlinHNb1R7fI4Fw6WsAstOz7i8nmkWQfiHoZXtbufNm+MxiDTIMk1ggh2Ro4vLzgQ+bKvRY54MZoRA==}
    engines: {node: ^20.19.0 || >=22.12.0}
    cpu: [x64]
    os: [freebsd]

  '@oxlint/binding-linux-arm-gnueabihf@1.70.0':
    resolution: {integrity: sha512-1BnS7wbCYDSXwWzJJ+mc3NURoha6m6m6RT5c6vgAY3oz7C3OVXP+S0awo2mRq97arrJkVvO3qRQfyAHL+76xtQ==}
    engines: {node: ^20.19.0 || >=22.12.0}
    cpu: [arm]
    os: [linux]

  '@oxlint/binding-linux-arm-musleabihf@1.70.0':
    resolution: {integrity: sha512-yKy/UdbR55+M2yEcuiV5DCNC/gdQAjr/GioUy50QwBzSrKm8ueWADqyRLS9Xk+qjNeCYGg6A8FvUBds56ttfqg==}
    engines: {node: ^20.19.0 || >=22.12.0}
    cpu: [arm]
    os: [linux]

  '@oxlint/binding-linux-arm64-gnu@1.70.0':
    resolution: {integrity: sha512-0A5XJ4alvmqFUFP/4oYSyaO+qLto/HrKEWTSaegiVl+HOufFngK2BjYw9x4RbwBt/du5QG6l5q1zeWiJYYG5yg==}
    engines: {node: ^20.19.0 || >=22.12.0}
    cpu: [arm64]
    os: [linux]
    libc: [glibc]

  '@oxlint/binding-linux-arm64-musl@1.70.0':
    resolution: {integrity: sha512-JiylyurlB0CLSedNtx1gzv3FvfWPF1h/2Y3BJszPLNt5XQFlBsH5ke0Jle3iJb3uqu5m2e7A/DwzpuCAHdiU+A==}
    engines: {node: ^20.19.0 || >=22.12.0}
    cpu: [arm64]
    os: [linux]
    libc: [musl]

  '@oxlint/binding-linux-ppc64-gnu@1.70.0':
    resolution: {integrity: sha512-J8VPG7I3/HmgaU4u8pNU2kFx2+0U+vPLS1dXFxXOaR/2TQ0f8AC7DRz0SRGRI1bfphnX2hVYTTtLuhL4nYKL+Q==}
    engines: {node: ^20.19.0 || >=22.12.0}
    cpu: [ppc64]
    os: [linux]
    libc: [glibc]

  '@oxlint/binding-linux-riscv64-gnu@1.70.0':
    resolution: {integrity: sha512-N2+4lV2KLN+oXTIIIwmWDhwkrnvqf5oX7Hw0zPjk+RuIVgiBQSOlJWF7uQoFx2siEYX0ZQ5cfSbEAHm+J3t7Wg==}
    engines: {node: ^20.19.0 || >=22.12.0}
    cpu: [riscv64]
    os: [linux]
    libc: [glibc]

  '@oxlint/binding-linux-riscv64-musl@1.70.0':
    resolution: {integrity: sha512-1e2L7cFCvx9QDzq6NPP+0tABKb5z6nWHyddWTNKprEsjO9xNrAtPowuCGpjNXxkTdsMiZ4jc8YQ5SstZd4XK6g==}
    engines: {node: ^20.19.0 || >=22.12.0}
    cpu: [riscv64]
    os: [linux]
    libc: [musl]

  '@oxlint/binding-linux-s390x-gnu@1.70.0':
    resolution: {integrity: sha512-Kwu/l/8GcYibCWA9m9N5pRXMIKVSsL/YbgpLzYkqDhWTiqdRfnNJ/+nqIKRKQiFbHWsdlHEhzMwruJK+qcEruA==}
    engines: {node: ^20.19.0 || >=22.12.0}
    cpu: [s390x]
    os: [linux]
    libc: [glibc]

  '@oxlint/binding-linux-x64-gnu@1.70.0':
    resolution: {integrity: sha512-tap04CsHYOl0nSAQJfPNIuBxqEPB2HnhQqwaOXLg1jnp2XfRo8Fa814dA4QC4zpvTWXCjAAaCY1W5LOORkEQuQ==}
    engines: {node: ^20.19.0 || >=22.12.0}
    cpu: [x64]
    os: [linux]
    libc: [glibc]

  '@oxlint/binding-linux-x64-musl@1.70.0':
    resolution: {integrity: sha512-hzJa/WgvtJpbBD9rgfy0qe+MjbxOXNUT0bfR1S6EQQzfTtBFA9xg5q8KSwRrQ2QfSS+TaP4j+4mVPQrfNc6UNg==}
    engines: {node: ^20.19.0 || >=22.12.0}
    cpu: [x64]
    os: [linux]
    libc: [musl]

  '@oxlint/binding-openharmony-arm64@1.70.0':
    resolution: {integrity: sha512-xbsaNSNzVSnaJACCUYr1HQMyY/Q/Q1LkePmHG3UvZPvGCYGNxrsZp9OmtA6ick8xH47ltRRbRrPCM1YXYcyC+A==}
    engines: {node: ^20.19.0 || >=22.12.0}
    cpu: [arm64]
    os: [openharmony]

  '@oxlint/binding-win32-arm64-msvc@1.70.0':
    resolution: {integrity: sha512-icAEsUI7JbW1TMRdEXV83mVAInhRVQYuuAlPpxdGwJ95chNdnCzjloRW8GglT0WvzOEZSio6fnYSk2DJ2Hv7LQ==}
    engines: {node: ^20.19.0 || >=22.12.0}
    cpu: [arm64]
    os: [win32]

  '@oxlint/binding-win32-ia32-msvc@1.70.0':
    resolution: {integrity: sha512-FHMSWbVsPVs/f+Jcl04ws4JJ2wUnauyTzlpxWRG/lSO/8GpX08Fo2gQZqdA6CrRFI+zvkxl+N/KwJGWfUwYVZA==}
    engines: {node: ^20.19.0 || >=22.12.0}
    cpu: [ia32]
    os: [win32]

  '@oxlint/binding-win32-x64-msvc@1.70.0':
    resolution: {integrity: sha512-ptOlKwCz7n4AKs5VweMqG6DAg677FmKOK+vBkkL9DMNgFATIQ+upqUYBTOEwRQyRAx1ncGlPlXleV2hIcm3z4g==}
    engines: {node: ^20.19.0 || >=22.12.0}
    cpu: [x64]
    os: [win32]

  oxlint@1.70.0:
    resolution: {integrity: sha512-D6JgHtzkhRwvEC+A0Nw5AEc5bk8x5i1pHzvZIEf/a0C4hOzmAACNGtkDGPyFaxxX3ZVGxCPeig3P3rMM8XU3/g==}
    engines: {node: ^20.19.0 || >=22.12.0}
    hasBin: true
    peerDependencies:
      oxlint-tsgolint: '>=0.22.1'
      vite-plus: '*'
    peerDependenciesMeta:
      oxlint-tsgolint:
        optional: true
      vite-plus:
        optional: true

snapshots:

  '@oxlint/binding-android-arm-eabi@1.70.0':
    optional: true

  '@oxlint/binding-android-arm64@1.70.0':
    optional: true

  '@oxlint/binding-darwin-arm64@1.70.0':
    optional: true

  '@oxlint/binding-darwin-x64@1.70.0':
    optional: true

  '@oxlint/binding-freebsd-x64@1.70.0':
    optional: true

  '@oxlint/binding-linux-arm-gnueabihf@1.70.0':
    optional: true

  '@oxlint/binding-linux-arm-musleabihf@1.70.0':
    optional: true

  '@oxlint/binding-linux-arm64-gnu@1.70.0':
    optional: true

  '@oxlint/binding-linux-arm64-musl@1.70.0':
    optional: true

  '@oxlint/binding-linux-ppc64-gnu@1.70.0':
    optional: true

  '@oxlint/binding-linux-riscv64-gnu@1.70.0':
    optional: true

  '@oxlint/binding-linux-riscv64-musl@1.70.0':
    optional: true

  '@oxlint/binding-linux-s390x-gnu@1.70.0':
    optional: true

  '@oxlint/binding-linux-x64-gnu@1.70.0':
    optional: true

  '@oxlint/binding-linux-x64-musl@1.70.0':
    optional: true

  '@oxlint/binding-openharmony-arm64@1.70.0':
    optional: true

  '@oxlint/binding-win32-arm64-msvc@1.70.0':
    optional: true

  '@oxlint/binding-win32-ia32-msvc@1.70.0':
    optional: true

  '@oxlint/binding-win32-x64-msvc@1.70.0':
    optional: true

  oxlint@1.70.0:
    optionalDependencies:
      '@oxlint/binding-android-arm-eabi': 1.70.0
      '@oxlint/binding-android-arm64': 1.70.0
      '@oxlint/binding-darwin-arm64': 1.70.0
      '@oxlint/binding-darwin-x64': 1.70.0
      '@oxlint/binding-freebsd-x64': 1.70.0
      '@oxlint/binding-linux-arm-gnueabihf': 1.70.0
      '@oxlint/binding-linux-arm-musleabihf': 1.70.0
      '@oxlint/binding-linux-arm64-gnu': 1.70.0
      '@oxlint/binding-linux-arm64-musl': 1.70.0
      '@oxlint/binding-linux-ppc64-gnu': 1.70.0
      '@oxlint/binding-linux-riscv64-gnu': 1.70.0
      '@oxlint/binding-linux-riscv64-musl': 1.70.0
      '@oxlint/binding-linux-s390x-gnu': 1.70.0
      '@oxlint/binding-linux-x64-gnu': 1.70.0
      '@oxlint/binding-linux-x64-musl': 1.70.0
      '@oxlint/binding-openharmony-arm64': 1.70.0
      '@oxlint/binding-win32-arm64-msvc': 1.70.0
      '@oxlint/binding-win32-ia32-msvc': 1.70.0
      '@oxlint/binding-win32-x64-msvc': 1.70.0
