{
  "name": "oxc-lint",
  "version": "1.0.0",
  "lockfileVersion": 3,
  "requires": true,
  "packages": {
    "": {
      "name": "oxc-lint",
      "version": "1.0.0",
      "devDependencies": {
        "oxlint": "1.37.0"
      }
    },
    "node_modules/@oxlint/darwin-arm64": {
      "version": "1.37.0",
      "resolved": "https://registry.npmjs.org/@oxlint/darwin-arm64/-/darwin-arm64-1.37.0.tgz",
      "integrity": "sha512-qDa8qf4Th3sbk6P6wRbsv5paGeZ8EEOy8PtnT2IkAYSzjDHavw8nMK/lQvf6uS7LArjcmOfM1Y3KnZUFoNZZqg==",
      "cpu": [
        "arm64"
      ],
      "dev": true,
      "license": "MIT",
      "optional": true,
      "os": [
        "darwin"
      ]
    },
    "node_modules/@oxlint/darwin-x64": {
      "version": "1.37.0",
      "resolved": "https://registry.npmjs.org/@oxlint/darwin-x64/-/darwin-x64-1.37.0.tgz",
      "integrity": "sha512-FM0h0KyOQ4HCdhIX1ne6d80BxRra75h1ORce0jYNwQ49HT4RU8+9ywSMC7rQ79xWsmaahvkQPB7tMPyfjsQwAg==",
      "cpu": [
        "x64"
      ],
      "dev": true,
      "license": "MIT",
      "optional": true,
      "os": [
        "darwin"
      ]
    },
    "node_modules/@oxlint/linux-arm64-gnu": {
      "version": "1.37.0",
      "resolved": "https://registry.npmjs.org/@oxlint/linux-arm64-gnu/-/linux-arm64-gnu-1.37.0.tgz",
      "integrity": "sha512-2axK0lftGwM6Q7wOuY2sassUqa4MKrG3iemVVyEpXzJ6g5QosxhCoFPp9v81/gmLT5kAdd2gskoDcfpDJliDNw==",
      "cpu": [
        "arm64"
      ],
      "dev": true,
      "license": "MIT",
      "optional": true,
      "os": [
        "linux"
      ]
    },
    "node_modules/@oxlint/linux-arm64-musl": {
      "version": "1.37.0",
      "resolved": "https://registry.npmjs.org/@oxlint/linux-arm64-musl/-/linux-arm64-musl-1.37.0.tgz",
      "integrity": "sha512-f3YROyGMIdUeXx0yD7RsAUBzBvD222D4l2GQRYF3AMxyp9mya17Rq/3wNLR4JDnAnboOul3DAEKNm+09lo3uZw==",
      "cpu": [
        "arm64"
      ],
      "dev": true,
      "license": "MIT",
      "optional": true,
      "os": [
        "linux"
      ]
    },
    "node_modules/@oxlint/linux-x64-gnu": {
      "version": "1.37.0",
      "resolved": "https://registry.npmjs.org/@oxlint/linux-x64-gnu/-/linux-x64-gnu-1.37.0.tgz",
      "integrity": "sha512-FANOdOVQ2c4acYLM0dvtSoKELHSSnDBxDdm8OlXNzSRanQILrNpLgUqCXHFsfiHipFfNzz3Z417PxV6X4aBYog==",
      "cpu": [
        "x64"
      ],
      "dev": true,
      "license": "MIT",
      "optional": true,
      "os": [
        "linux"
      ]
    },
    "node_modules/@oxlint/linux-x64-musl": {
      "version": "1.37.0",
      "resolved": "https://registry.npmjs.org/@oxlint/linux-x64-musl/-/linux-x64-musl-1.37.0.tgz",
      "integrity": "sha512-eYnSKT9knXdOQ9h+6nSjEHSx0+pW8PkGwtMNGXtCYR+/ZPKYIbtZVS0nZsFy+qizP+TRVSJrgc/JY3Xr0wjcQg==",
      "cpu": [
        "x64"
      ],
      "dev": true,
      "license": "MIT",
      "optional": true,
      "os": [
        "linux"
      ]
    },
    "node_modules/@oxlint/win32-arm64": {
      "version": "1.37.0",
      "resolved": "https://registry.npmjs.org/@oxlint/win32-arm64/-/win32-arm64-1.37.0.tgz",
      "integrity": "sha512-2oHxNc4jcocfNWGWVVWQdEG+reZ5ncBZsmDoICJQ1rbCDx4Yimx8VUf1Ub9cCoJRcPiSLBxMqaeMaDClKixJIQ==",
      "cpu": [
        "arm64"
      ],
      "dev": true,
      "license": "MIT",
      "optional": true,
      "os": [
        "win32"
      ]
    },
    "node_modules/@oxlint/win32-x64": {
      "version": "1.37.0",
      "resolved": "https://registry.npmjs.org/@oxlint/win32-x64/-/win32-x64-1.37.0.tgz",
      "integrity": "sha512-w+pBuTjGmGCGPhDjFhj/97K2tlGyq5LKAU6S7FHxROPuJRWJD6uio1L75Lsb8fKhwtw2rm54LLOX30Yi+nILxw==",
      "cpu": [
        "x64"
      ],
      "dev": true,
      "license": "MIT",
      "optional": true,
      "os": [
        "win32"
      ]
    },
    "node_modules/oxlint": {
      "version": "1.37.0",
      "resolved": "https://registry.npmjs.org/oxlint/-/oxlint-1.37.0.tgz",
      "integrity": "sha512-MAw0JH8M5/vt9E2WxSsmJu53bVLmG6qNlVw1OXFenJYItTPbMBtW7j3n53+tgNhNuxFPundM1DR7V8E39qOOrg==",
      "dev": true,
      "license": "MIT",
      "bin": {
        "oxlint": "bin/oxlint"
      },
      "engines": {
        "node": "^20.19.0 || >=22.12.0"
      },
      "funding": {
        "url": "https://github.com/sponsors/Boshen"
      },
      "optionalDependencies": {
        "@oxlint/darwin-arm64": "1.37.0",
        "@oxlint/darwin-x64": "1.37.0",
        "@oxlint/linux-arm64-gnu": "1.37.0",
        "@oxlint/linux-arm64-musl": "1.37.0",
        "@oxlint/linux-x64-gnu": "1.37.0",
        "@oxlint/linux-x64-musl": "1.37.0",
        "@oxlint/win32-arm64": "1.37.0",
        "@oxlint/win32-x64": "1.37.0"
      },
      "peerDependencies": {
        "oxlint-tsgolint": ">=0.10.0"
      },
      "peerDependenciesMeta": {
        "oxlint-tsgolint": {
          "optional": true
        }
      }
    }
  }
}
