{
  "name": "oxc-lint",
  "version": "1.0.0",
  "lockfileVersion": 3,
  "requires": true,
  "packages": {
    "": {
      "name": "oxc-lint",
      "version": "1.0.0",
      "devDependencies": {
        "oxlint": "0.17.0"
      }
    },
    "node_modules/@oxlint/darwin-arm64": {
      "version": "0.17.0",
      "resolved": "https://registry.npmjs.org/@oxlint/darwin-arm64/-/darwin-arm64-0.17.0.tgz",
      "integrity": "sha512-py/N0yTMbdy5Kd1RFMMgFqzO5Qwc5MbHSCA0BvSx/GnC3n7yPstcEFSSdZzb+HaANI00xn4dwjYo6HVEFHhuWA==",
      "cpu": [
        "arm64"
      ],
      "dev": true,
      "license": "MIT",
      "optional": true,
      "os": [
        "darwin"
      ]
    },
    "node_modules/@oxlint/darwin-x64": {
      "version": "0.17.0",
      "resolved": "https://registry.npmjs.org/@oxlint/darwin-x64/-/darwin-x64-0.17.0.tgz",
      "integrity": "sha512-rQUFu6Ci8gmBHTgb2EMKYNZWCmBB8sSW7SAxBes9k0esonKsioDNjT51CsfKZhXyaMtaM70hiVhSCBc0NqUEJg==",
      "cpu": [
        "x64"
      ],
      "dev": true,
      "license": "MIT",
      "optional": true,
      "os": [
        "darwin"
      ]
    },
    "node_modules/@oxlint/linux-arm64-gnu": {
      "version": "0.17.0",
      "resolved": "https://registry.npmjs.org/@oxlint/linux-arm64-gnu/-/linux-arm64-gnu-0.17.0.tgz",
      "integrity": "sha512-NoAWscdfVj6Sci3NdbHHc1OivSSKpwtkLff5SoAM8XgJ9t7flf+zW7XOy3OeSgZAxNbcF4QGruv+XcBLR7tWMA==",
      "cpu": [
        "arm64"
      ],
      "dev": true,
      "license": "MIT",
      "optional": true,
      "os": [
        "linux"
      ]
    },
    "node_modules/@oxlint/linux-arm64-musl": {
      "version": "0.17.0",
      "resolved": "https://registry.npmjs.org/@oxlint/linux-arm64-musl/-/linux-arm64-musl-0.17.0.tgz",
      "integrity": "sha512-VQRmSdbuc0rpSZoLqdhKJG9nUjJmEymOU60dO3lKlCT5YXME4dxA+jf1AigtnmJS5FgOxQm54ECF9lh6dyP0ew==",
      "cpu": [
        "arm64"
      ],
      "dev": true,
      "license": "MIT",
      "optional": true,
      "os": [
        "linux"
      ]
    },
    "node_modules/@oxlint/linux-x64-gnu": {
      "version": "0.17.0",
      "resolved": "https://registry.npmjs.org/@oxlint/linux-x64-gnu/-/linux-x64-gnu-0.17.0.tgz",
      "integrity": "sha512-KcaXWkBfqt7weerU1EXJysEupEHB8AtJytufBOQMuLE5vx2OoAbjAk0vt2V14W8Lss9Sz+ET7nXo6ZAEku4vCA==",
      "cpu": [
        "x64"
      ],
      "dev": true,
      "license": "MIT",
      "optional": true,
      "os": [
        "linux"
      ]
    },
    "node_modules/@oxlint/linux-x64-musl": {
      "version": "0.17.0",
      "resolved": "https://registry.npmjs.org/@oxlint/linux-x64-musl/-/linux-x64-musl-0.17.0.tgz",
      "integrity": "sha512-yWbFXWKKTrH4zR0FI1V6KDJp5NqOLFe1LZbKNeaoS1wtq5/aFPeM+d9dttGLoA5u6G9uhIK/nSnrPmtuNLPU4Q==",
      "cpu": [
        "x64"
      ],
      "dev": true,
      "license": "MIT",
      "optional": true,
      "os": [
        "linux"
      ]
    },
    "node_modules/@oxlint/win32-arm64": {
      "version": "0.17.0",
      "resolved": "https://registry.npmjs.org/@oxlint/win32-arm64/-/win32-arm64-0.17.0.tgz",
      "integrity": "sha512-zdoB3mbvcx3eGOh6ElPJ01S2MOzyZo/gijeHw7yb2PXcRis+3clVje6kpnG7/TN69zoHv7WwDX6poJu8FURTqg==",
      "cpu": [
        "arm64"
      ],
      "dev": true,
      "license": "MIT",
      "optional": true,
      "os": [
        "win32"
      ]
    },
    "node_modules/@oxlint/win32-x64": {
      "version": "0.17.0",
      "resolved": "https://registry.npmjs.org/@oxlint/win32-x64/-/win32-x64-0.17.0.tgz",
      "integrity": "sha512-gxVYAOy/8IAWgmsaXDxRJvOr7l61DUDj6s7tXImzXqBAH/An6yJZGr1tR+5BsACVw/3hcCPOUbotXGS4+vZNZQ==",
      "cpu": [
        "x64"
      ],
      "dev": true,
      "license": "MIT",
      "optional": true,
      "os": [
        "win32"
      ]
    },
    "node_modules/oxlint": {
      "version": "0.17.0",
      "resolved": "https://registry.npmjs.org/oxlint/-/oxlint-0.17.0.tgz",
      "integrity": "sha512-LCXomDhPGbDUZ/T+ScFA0tjh7A5QgYwPRCw7XFlJxRD2URBV8wj2lLvepbQ9yS/Q6SGhVfHQMpziQytajl8NcQ==",
      "dev": true,
      "license": "MIT",
      "bin": {
        "oxc_language_server": "bin/oxc_language_server",
        "oxlint": "bin/oxlint"
      },
      "engines": {
        "node": ">=8.*"
      },
      "funding": {
        "url": "https://github.com/sponsors/Boshen"
      },
      "optionalDependencies": {
        "@oxlint/darwin-arm64": "0.17.0",
        "@oxlint/darwin-x64": "0.17.0",
        "@oxlint/linux-arm64-gnu": "0.17.0",
        "@oxlint/linux-arm64-musl": "0.17.0",
        "@oxlint/linux-x64-gnu": "0.17.0",
        "@oxlint/linux-x64-musl": "0.17.0",
        "@oxlint/win32-arm64": "0.17.0",
        "@oxlint/win32-x64": "0.17.0"
      }
    }
  }
}
