{
  "name": "oxc-lint",
  "version": "1.0.0",
  "lockfileVersion": 3,
  "requires": true,
  "packages": {
    "": {
      "name": "oxc-lint",
      "version": "1.0.0",
      "devDependencies": {
        "oxlint": "1.14.0"
      }
    },
    "node_modules/@oxlint/darwin-arm64": {
      "version": "1.14.0",
      "resolved": "https://registry.npmjs.org/@oxlint/darwin-arm64/-/darwin-arm64-1.14.0.tgz",
      "integrity": "sha512-rcTw0QWeOc6IeVp+Up7WtcwdS9l4j7TOq4tihF0Ud/fl+VUVdvDCPuZ9QTnLXJhwMXiyQRWdxRyI6XBwf80ncQ==",
      "cpu": [
        "arm64"
      ],
      "dev": true,
      "license": "MIT",
      "optional": true,
      "os": [
        "darwin"
      ]
    },
    "node_modules/@oxlint/darwin-x64": {
      "version": "1.14.0",
      "resolved": "https://registry.npmjs.org/@oxlint/darwin-x64/-/darwin-x64-1.14.0.tgz",
      "integrity": "sha512-TWFSEmyl2/DN4HoXNwQl0y/y3EXFJDctfv5MiDtVOV1GJKX80cGSIxMxXb08Q3CCWqteqEijmfSMo5TG8X1H/A==",
      "cpu": [
        "x64"
      ],
      "dev": true,
      "license": "MIT",
      "optional": true,
      "os": [
        "darwin"
      ]
    },
    "node_modules/@oxlint/linux-arm64-gnu": {
      "version": "1.14.0",
      "resolved": "https://registry.npmjs.org/@oxlint/linux-arm64-gnu/-/linux-arm64-gnu-1.14.0.tgz",
      "integrity": "sha512-N1FqdKfwhVWPpMElv8qlGqdEefTbDYaRVhdGWOjs/2f7FESa5vX0cvA7ToqzkoXyXZI5DqByWiPML33njK30Kg==",
      "cpu": [
        "arm64"
      ],
      "dev": true,
      "license": "MIT",
      "optional": true,
      "os": [
        "linux"
      ]
    },
    "node_modules/@oxlint/linux-arm64-musl": {
      "version": "1.14.0",
      "resolved": "https://registry.npmjs.org/@oxlint/linux-arm64-musl/-/linux-arm64-musl-1.14.0.tgz",
      "integrity": "sha512-v/BPuiateLBb7Gz1STb69EWjkgKdlPQ1NM56z+QQur21ly2hiMkBX2n0zEhqfu9PQVRUizu6AlsYuzcPY/zsIQ==",
      "cpu": [
        "arm64"
      ],
      "dev": true,
      "license": "MIT",
      "optional": true,
      "os": [
        "linux"
      ]
    },
    "node_modules/@oxlint/linux-x64-gnu": {
      "version": "1.14.0",
      "resolved": "https://registry.npmjs.org/@oxlint/linux-x64-gnu/-/linux-x64-gnu-1.14.0.tgz",
      "integrity": "sha512-gUTp8KIrSYt97dn+tRRC3LKnH4xlHKCwrPwiDcGmLbCxojuN9/H5mnIhPKEfwNuZNdoKGS/ABuq3neVyvRCRtQ==",
      "cpu": [
        "x64"
      ],
      "dev": true,
      "license": "MIT",
      "optional": true,
      "os": [
        "linux"
      ]
    },
    "node_modules/@oxlint/linux-x64-musl": {
      "version": "1.14.0",
      "resolved": "https://registry.npmjs.org/@oxlint/linux-x64-musl/-/linux-x64-musl-1.14.0.tgz",
      "integrity": "sha512-DpN6cW2HPjYXeENG0JBbmubO8LtfKt6qJqEMBw9gUevbyBaX+k+Jn7sYgh6S23wGOkzmTNphBsf/7ulj4nIVYA==",
      "cpu": [
        "x64"
      ],
      "dev": true,
      "license": "MIT",
      "optional": true,
      "os": [
        "linux"
      ]
    },
    "node_modules/@oxlint/win32-arm64": {
      "version": "1.14.0",
      "resolved": "https://registry.npmjs.org/@oxlint/win32-arm64/-/win32-arm64-1.14.0.tgz",
      "integrity": "sha512-oXxJksnUTUMgJ0NvjKS1mrCXAy1ttPgIVacRSlxQ+1XHy+aJDMM7I8fsCtoKoEcTIpPaD98eqUqlLYs0H2MGjA==",
      "cpu": [
        "arm64"
      ],
      "dev": true,
      "license": "MIT",
      "optional": true,
      "os": [
        "win32"
      ]
    },
    "node_modules/@oxlint/win32-x64": {
      "version": "1.14.0",
      "resolved": "https://registry.npmjs.org/@oxlint/win32-x64/-/win32-x64-1.14.0.tgz",
      "integrity": "sha512-iRYy2rhTQKFztyx0jtNMRBnFpzsRwFdjWQ7sKKzJpmbijA3Tw3DCqlGT7QRgoVRF0+X/ccNGvvsrgMohPVfLeQ==",
      "cpu": [
        "x64"
      ],
      "dev": true,
      "license": "MIT",
      "optional": true,
      "os": [
        "win32"
      ]
    },
    "node_modules/oxlint": {
      "version": "1.14.0",
      "resolved": "https://registry.npmjs.org/oxlint/-/oxlint-1.14.0.tgz",
      "integrity": "sha512-oo0nq3zF9hmgATGc9esoMahLuEESOodUxEDeHDA2K7tbYcSfcmReE9G2QNppnq9rOSQHLTwlMtzGAjjttYaufQ==",
      "dev": true,
      "license": "MIT",
      "bin": {
        "oxc_language_server": "bin/oxc_language_server",
        "oxlint": "bin/oxlint"
      },
      "engines": {
        "node": ">=8.*"
      },
      "funding": {
        "url": "https://github.com/sponsors/Boshen"
      },
      "optionalDependencies": {
        "@oxlint/darwin-arm64": "1.14.0",
        "@oxlint/darwin-x64": "1.14.0",
        "@oxlint/linux-arm64-gnu": "1.14.0",
        "@oxlint/linux-arm64-musl": "1.14.0",
        "@oxlint/linux-x64-gnu": "1.14.0",
        "@oxlint/linux-x64-musl": "1.14.0",
        "@oxlint/win32-arm64": "1.14.0",
        "@oxlint/win32-x64": "1.14.0"
      },
      "peerDependencies": {
        "oxlint-tsgolint": ">=0.1.5"
      },
      "peerDependenciesMeta": {
        "oxlint-tsgolint": {
          "optional": true
        }
      }
    }
  }
}
