{
  "name": "oxc-lint",
  "version": "1.0.0",
  "lockfileVersion": 3,
  "requires": true,
  "packages": {
    "": {
      "name": "oxc-lint",
      "version": "1.0.0",
      "devDependencies": {
        "oxlint": "1.55.0"
      }
    },
    "node_modules/@oxlint/binding-android-arm-eabi": {
      "version": "1.55.0",
      "resolved": "https://registry.npmjs.org/@oxlint/binding-android-arm-eabi/-/binding-android-arm-eabi-1.55.0.tgz",
      "integrity": "sha512-NhvgAhncTSOhRahQSCnkK/4YIGPjTmhPurQQ2dwt2IvwCMTvZRW5vF2K10UBOxFve4GZDMw6LtXZdC2qeuYIVQ==",
      "cpu": [
        "arm"
      ],
      "dev": true,
      "license": "MIT",
      "optional": true,
      "os": [
        "android"
      ],
      "engines": {
        "node": "^20.19.0 || >=22.12.0"
      }
    },
    "node_modules/@oxlint/binding-android-arm64": {
      "version": "1.55.0",
      "resolved": "https://registry.npmjs.org/@oxlint/binding-android-arm64/-/binding-android-arm64-1.55.0.tgz",
      "integrity": "sha512-P9iWRh+Ugqhg+D7rkc7boHX8o3H2h7YPcZHQIgvVBgnua5tk4LR2L+IBlreZs58/95cd2x3/004p5VsQM9z4SA==",
      "cpu": [
        "arm64"
      ],
      "dev": true,
      "license": "MIT",
      "optional": true,
      "os": [
        "android"
      ],
      "engines": {
        "node": "^20.19.0 || >=22.12.0"
      }
    },
    "node_modules/@oxlint/binding-darwin-arm64": {
      "version": "1.55.0",
      "resolved": "https://registry.npmjs.org/@oxlint/binding-darwin-arm64/-/binding-darwin-arm64-1.55.0.tgz",
      "integrity": "sha512-esakkJIt7WFAhT30P/Qzn96ehFpzdZ1mNuzpOb8SCW7lI4oB8VsyQnkSHREM671jfpuBb/o2ppzBCx5l0jpgMA==",
      "cpu": [
        "arm64"
      ],
      "dev": true,
      "license": "MIT",
      "optional": true,
      "os": [
        "darwin"
      ],
      "engines": {
        "node": "^20.19.0 || >=22.12.0"
      }
    },
    "node_modules/@oxlint/binding-darwin-x64": {
      "version": "1.55.0",
      "resolved": "https://registry.npmjs.org/@oxlint/binding-darwin-x64/-/binding-darwin-x64-1.55.0.tgz",
      "integrity": "sha512-xDMFRCCAEK9fOH6As2z8ELsC+VDGSFRHwIKVSilw+xhgLwTDFu37rtmRbmUlx8rRGS6cWKQPTc47AVxAZEVVPQ==",
      "cpu": [
        "x64"
      ],
      "dev": true,
      "license": "MIT",
      "optional": true,
      "os": [
        "darwin"
      ],
      "engines": {
        "node": "^20.19.0 || >=22.12.0"
      }
    },
    "node_modules/@oxlint/binding-freebsd-x64": {
      "version": "1.55.0",
      "resolved": "https://registry.npmjs.org/@oxlint/binding-freebsd-x64/-/binding-freebsd-x64-1.55.0.tgz",
      "integrity": "sha512-mYZqnwUD7ALCRxGenyLd1uuG+rHCL+OTT6S8FcAbVm/ZT2AZMGjvibp3F6k1SKOb2aeqFATmwRykrE41Q0GWVw==",
      "cpu": [
        "x64"
      ],
      "dev": true,
      "license": "MIT",
      "optional": true,
      "os": [
        "freebsd"
      ],
      "engines": {
        "node": "^20.19.0 || >=22.12.0"
      }
    },
    "node_modules/@oxlint/binding-linux-arm-gnueabihf": {
      "version": "1.55.0",
      "resolved": "https://registry.npmjs.org/@oxlint/binding-linux-arm-gnueabihf/-/binding-linux-arm-gnueabihf-1.55.0.tgz",
      "integrity": "sha512-LcX6RYcF9vL9ESGwJW3yyIZ/d/ouzdOKXxCdey1q0XJOW1asrHsIg5MmyKdEBR4plQx+shvYeQne7AzW5f3T1w==",
      "cpu": [
        "arm"
      ],
      "dev": true,
      "license": "MIT",
      "optional": true,
      "os": [
        "linux"
      ],
      "engines": {
        "node": "^20.19.0 || >=22.12.0"
      }
    },
    "node_modules/@oxlint/binding-linux-arm-musleabihf": {
      "version": "1.55.0",
      "resolved": "https://registry.npmjs.org/@oxlint/binding-linux-arm-musleabihf/-/binding-linux-arm-musleabihf-1.55.0.tgz",
      "integrity": "sha512-C+8GS1rPtK+dI7mJFkqoRBkDuqbrNihnyYQsJPS9ez+8zF9JzfvU19lawqt4l/Y23o5uQswE/DORa8aiXUih3w==",
      "cpu": [
        "arm"
      ],
      "dev": true,
      "license": "MIT",
      "optional": true,
      "os": [
        "linux"
      ],
      "engines": {
        "node": "^20.19.0 || >=22.12.0"
      }
    },
    "node_modules/@oxlint/binding-linux-arm64-gnu": {
      "version": "1.55.0",
      "resolved": "https://registry.npmjs.org/@oxlint/binding-linux-arm64-gnu/-/binding-linux-arm64-gnu-1.55.0.tgz",
      "integrity": "sha512-ErLE4XbmcCopA4/CIDiH6J1IAaDOMnf/KSx/aFObs4/OjAAM3sFKWGZ57pNOMxhhyBdcmcXwYymph9GwcpcqgQ==",
      "cpu": [
        "arm64"
      ],
      "dev": true,
      "license": "MIT",
      "optional": true,
      "os": [
        "linux"
      ],
      "engines": {
        "node": "^20.19.0 || >=22.12.0"
      }
    },
    "node_modules/@oxlint/binding-linux-arm64-musl": {
      "version": "1.55.0",
      "resolved": "https://registry.npmjs.org/@oxlint/binding-linux-arm64-musl/-/binding-linux-arm64-musl-1.55.0.tgz",
      "integrity": "sha512-/kp65avi6zZfqEng56TTuhiy3P/3pgklKIdf38yvYeJ9/PgEeRA2A2AqKAKbZBNAqUzrzHhz9jF6j/PZvhJzTQ==",
      "cpu": [
        "arm64"
      ],
      "dev": true,
      "license": "MIT",
      "optional": true,
      "os": [
        "linux"
      ],
      "engines": {
        "node": "^20.19.0 || >=22.12.0"
      }
    },
    "node_modules/@oxlint/binding-linux-ppc64-gnu": {
      "version": "1.55.0",
      "resolved": "https://registry.npmjs.org/@oxlint/binding-linux-ppc64-gnu/-/binding-linux-ppc64-gnu-1.55.0.tgz",
      "integrity": "sha512-A6pTdXwcEEwL/nmz0eUJ6WxmxcoIS+97GbH96gikAyre3s5deC7sts38ZVVowjS2QQFuSWkpA4ZmQC0jZSNvJQ==",
      "cpu": [
        "ppc64"
      ],
      "dev": true,
      "license": "MIT",
      "optional": true,
      "os": [
        "linux"
      ],
      "engines": {
        "node": "^20.19.0 || >=22.12.0"
      }
    },
    "node_modules/@oxlint/binding-linux-riscv64-gnu": {
      "version": "1.55.0",
      "resolved": "https://registry.npmjs.org/@oxlint/binding-linux-riscv64-gnu/-/binding-linux-riscv64-gnu-1.55.0.tgz",
      "integrity": "sha512-clj0lnIN+V52G9tdtZl0LbdTSurnZ1NZj92Je5X4lC7gP5jiCSW+Y/oiDiSauBAD4wrHt2S7nN3pA0zfKYK/6Q==",
      "cpu": [
        "riscv64"
      ],
      "dev": true,
      "license": "MIT",
      "optional": true,
      "os": [
        "linux"
      ],
      "engines": {
        "node": "^20.19.0 || >=22.12.0"
      }
    },
    "node_modules/@oxlint/binding-linux-riscv64-musl": {
      "version": "1.55.0",
      "resolved": "https://registry.npmjs.org/@oxlint/binding-linux-riscv64-musl/-/binding-linux-riscv64-musl-1.55.0.tgz",
      "integrity": "sha512-NNu08pllN5x/O94/sgR3DA8lbrGBnTHsINZZR0hcav1sj79ksTiKKm1mRzvZvacwQ0hUnGinFo+JO75ok2PxYg==",
      "cpu": [
        "riscv64"
      ],
      "dev": true,
      "license": "MIT",
      "optional": true,
      "os": [
        "linux"
      ],
      "engines": {
        "node": "^20.19.0 || >=22.12.0"
      }
    },
    "node_modules/@oxlint/binding-linux-s390x-gnu": {
      "version": "1.55.0",
      "resolved": "https://registry.npmjs.org/@oxlint/binding-linux-s390x-gnu/-/binding-linux-s390x-gnu-1.55.0.tgz",
      "integrity": "sha512-BvfQz3PRlWZRoEZ17dZCqgQsMRdpzGZomJkVATwCIGhHVVeHJMQdmdXPSjcT1DCNUrOjXnVyj1RGDj5+/Je2+Q==",
      "cpu": [
        "s390x"
      ],
      "dev": true,
      "license": "MIT",
      "optional": true,
      "os": [
        "linux"
      ],
      "engines": {
        "node": "^20.19.0 || >=22.12.0"
      }
    },
    "node_modules/@oxlint/binding-linux-x64-gnu": {
      "version": "1.55.0",
      "resolved": "https://registry.npmjs.org/@oxlint/binding-linux-x64-gnu/-/binding-linux-x64-gnu-1.55.0.tgz",
      "integrity": "sha512-ngSOoFCSBMKVQd24H8zkbcBNc7EHhjnF1sv3mC9NNXQ/4rRjI/4Dj9+9XoDZeFEkF1SX1COSBXF1b2Pr9rqdEw==",
      "cpu": [
        "x64"
      ],
      "dev": true,
      "license": "MIT",
      "optional": true,
      "os": [
        "linux"
      ],
      "engines": {
        "node": "^20.19.0 || >=22.12.0"
      }
    },
    "node_modules/@oxlint/binding-linux-x64-musl": {
      "version": "1.55.0",
      "resolved": "https://registry.npmjs.org/@oxlint/binding-linux-x64-musl/-/binding-linux-x64-musl-1.55.0.tgz",
      "integrity": "sha512-BDpP7W8GlaG7BR6QjGZAleYzxoyKc/D24spZIF2mB3XsfALQJJT/OBmP8YpeTb1rveFSBHzl8T7l0aqwkWNdGA==",
      "cpu": [
        "x64"
      ],
      "dev": true,
      "license": "MIT",
      "optional": true,
      "os": [
        "linux"
      ],
      "engines": {
        "node": "^20.19.0 || >=22.12.0"
      }
    },
    "node_modules/@oxlint/binding-openharmony-arm64": {
      "version": "1.55.0",
      "resolved": "https://registry.npmjs.org/@oxlint/binding-openharmony-arm64/-/binding-openharmony-arm64-1.55.0.tgz",
      "integrity": "sha512-PS6GFvmde/pc3fCA2Srt51glr8Lcxhpf6WIBFfLphndjRrD34NEcses4TSxQrEcxYo6qVywGfylM0ZhSCF2gGA==",
      "cpu": [
        "arm64"
      ],
      "dev": true,
      "license": "MIT",
      "optional": true,
      "os": [
        "openharmony"
      ],
      "engines": {
        "node": "^20.19.0 || >=22.12.0"
      }
    },
    "node_modules/@oxlint/binding-win32-arm64-msvc": {
      "version": "1.55.0",
      "resolved": "https://registry.npmjs.org/@oxlint/binding-win32-arm64-msvc/-/binding-win32-arm64-msvc-1.55.0.tgz",
      "integrity": "sha512-P6JcLJGs/q1UOvDLzN8otd9JsH4tsuuPDv+p7aHqHM3PrKmYdmUvkNj4K327PTd35AYcznOCN+l4ZOaq76QzSw==",
      "cpu": [
        "arm64"
      ],
      "dev": true,
      "license": "MIT",
      "optional": true,
      "os": [
        "win32"
      ],
      "engines": {
        "node": "^20.19.0 || >=22.12.0"
      }
    },
    "node_modules/@oxlint/binding-win32-ia32-msvc": {
      "version": "1.55.0",
      "resolved": "https://registry.npmjs.org/@oxlint/binding-win32-ia32-msvc/-/binding-win32-ia32-msvc-1.55.0.tgz",
      "integrity": "sha512-gzkk4zE2zsE+WmRxFOiAZHpCpUNDFytEakqNXoNHW+PnYEOTPKDdW6nrzgSeTbGKVPXNAKQnRnMgrh7+n3Xueg==",
      "cpu": [
        "ia32"
      ],
      "dev": true,
      "license": "MIT",
      "optional": true,
      "os": [
        "win32"
      ],
      "engines": {
        "node": "^20.19.0 || >=22.12.0"
      }
    },
    "node_modules/@oxlint/binding-win32-x64-msvc": {
      "version": "1.55.0",
      "resolved": "https://registry.npmjs.org/@oxlint/binding-win32-x64-msvc/-/binding-win32-x64-msvc-1.55.0.tgz",
      "integrity": "sha512-ZFALNow2/og75gvYzNP7qe+rREQ5xunktwA+lgykoozHZ6hw9bqg4fn5j2UvG4gIn1FXqrZHkOAXuPf5+GOYTQ==",
      "cpu": [
        "x64"
      ],
      "dev": true,
      "license": "MIT",
      "optional": true,
      "os": [
        "win32"
      ],
      "engines": {
        "node": "^20.19.0 || >=22.12.0"
      }
    },
    "node_modules/oxlint": {
      "version": "1.55.0",
      "resolved": "https://registry.npmjs.org/oxlint/-/oxlint-1.55.0.tgz",
      "integrity": "sha512-T+FjepiyWpaZMhekqRpH8Z3I4vNM610p6w+Vjfqgj5TZUxHXl7N8N5IPvmOU8U4XdTRxqtNNTh9Y4hLtr7yvFg==",
      "dev": true,
      "license": "MIT",
      "bin": {
        "oxlint": "bin/oxlint"
      },
      "engines": {
        "node": "^20.19.0 || >=22.12.0"
      },
      "funding": {
        "url": "https://github.com/sponsors/Boshen"
      },
      "optionalDependencies": {
        "@oxlint/binding-android-arm-eabi": "1.55.0",
        "@oxlint/binding-android-arm64": "1.55.0",
        "@oxlint/binding-darwin-arm64": "1.55.0",
        "@oxlint/binding-darwin-x64": "1.55.0",
        "@oxlint/binding-freebsd-x64": "1.55.0",
        "@oxlint/binding-linux-arm-gnueabihf": "1.55.0",
        "@oxlint/binding-linux-arm-musleabihf": "1.55.0",
        "@oxlint/binding-linux-arm64-gnu": "1.55.0",
        "@oxlint/binding-linux-arm64-musl": "1.55.0",
        "@oxlint/binding-linux-ppc64-gnu": "1.55.0",
        "@oxlint/binding-linux-riscv64-gnu": "1.55.0",
        "@oxlint/binding-linux-riscv64-musl": "1.55.0",
        "@oxlint/binding-linux-s390x-gnu": "1.55.0",
        "@oxlint/binding-linux-x64-gnu": "1.55.0",
        "@oxlint/binding-linux-x64-musl": "1.55.0",
        "@oxlint/binding-openharmony-arm64": "1.55.0",
        "@oxlint/binding-win32-arm64-msvc": "1.55.0",
        "@oxlint/binding-win32-ia32-msvc": "1.55.0",
        "@oxlint/binding-win32-x64-msvc": "1.55.0"
      },
      "peerDependencies": {
        "oxlint-tsgolint": ">=0.15.0"
      },
      "peerDependenciesMeta": {
        "oxlint-tsgolint": {
          "optional": true
        }
      }
    }
  }
}
