{
  "name": "oxc-lint",
  "version": "1.0.0",
  "lockfileVersion": 3,
  "requires": true,
  "packages": {
    "": {
      "name": "oxc-lint",
      "version": "1.0.0",
      "devDependencies": {
        "oxlint": "1.18.0"
      }
    },
    "node_modules/@oxlint/darwin-arm64": {
      "version": "1.18.0",
      "resolved": "https://registry.npmjs.org/@oxlint/darwin-arm64/-/darwin-arm64-1.18.0.tgz",
      "integrity": "sha512-z/4/ClV0sZYDNk/xsOZHr5BHFbAXI7LU+i3P8d/L2ejy7zF8e4WA8szd70OqVm7Gcsa81TSeeQygViR63WCQ1A==",
      "cpu": [
        "arm64"
      ],
      "dev": true,
      "license": "MIT",
      "optional": true,
      "os": [
        "darwin"
      ]
    },
    "node_modules/@oxlint/darwin-x64": {
      "version": "1.18.0",
      "resolved": "https://registry.npmjs.org/@oxlint/darwin-x64/-/darwin-x64-1.18.0.tgz",
      "integrity": "sha512-cQP5UtmfxZKLVyISh/BeaaK5z70AGOtQkf1wm7ZaEb0eT81PkLUdzkPwTjwyQq/TeT09uw2paVy3l2SEAO+JQA==",
      "cpu": [
        "x64"
      ],
      "dev": true,
      "license": "MIT",
      "optional": true,
      "os": [
        "darwin"
      ]
    },
    "node_modules/@oxlint/linux-arm64-gnu": {
      "version": "1.18.0",
      "resolved": "https://registry.npmjs.org/@oxlint/linux-arm64-gnu/-/linux-arm64-gnu-1.18.0.tgz",
      "integrity": "sha512-JsobGeuKwpQFKSgK398QHfZ4kN9XXWJ0xvI8kofoefO/LLmj1ox3+Yln3kx425AaooruRMqBhh1JFXqEKeDxOw==",
      "cpu": [
        "arm64"
      ],
      "dev": true,
      "license": "MIT",
      "optional": true,
      "os": [
        "linux"
      ]
    },
    "node_modules/@oxlint/linux-arm64-musl": {
      "version": "1.18.0",
      "resolved": "https://registry.npmjs.org/@oxlint/linux-arm64-musl/-/linux-arm64-musl-1.18.0.tgz",
      "integrity": "sha512-Sds76cCqGylhywWrJcJ++4JQ45MxQKDDm7iW6Gx6C9nH+DyCPnYOjZAMYDkQiiZ3MlWCIW87SggsHkMaGO45ew==",
      "cpu": [
        "arm64"
      ],
      "dev": true,
      "license": "MIT",
      "optional": true,
      "os": [
        "linux"
      ]
    },
    "node_modules/@oxlint/linux-x64-gnu": {
      "version": "1.18.0",
      "resolved": "https://registry.npmjs.org/@oxlint/linux-x64-gnu/-/linux-x64-gnu-1.18.0.tgz",
      "integrity": "sha512-pvBDpuf7SE3iMfwgmI3m8gandsdjs8CpIgiv/tiUhxCsKeK7gRVpiIr1XcewFrYwLn/km/EhjjFr/Kb7/CsHOA==",
      "cpu": [
        "x64"
      ],
      "dev": true,
      "license": "MIT",
      "optional": true,
      "os": [
        "linux"
      ]
    },
    "node_modules/@oxlint/linux-x64-musl": {
      "version": "1.18.0",
      "resolved": "https://registry.npmjs.org/@oxlint/linux-x64-musl/-/linux-x64-musl-1.18.0.tgz",
      "integrity": "sha512-9G0km2Rt4MAoGOVndD/7+U947dnxQkWtLX9en5Gkh3lC7HBDvVpYLopXddguWE+qbqEQKp67PiuITeyYQ4uESA==",
      "cpu": [
        "x64"
      ],
      "dev": true,
      "license": "MIT",
      "optional": true,
      "os": [
        "linux"
      ]
    },
    "node_modules/@oxlint/win32-arm64": {
      "version": "1.18.0",
      "resolved": "https://registry.npmjs.org/@oxlint/win32-arm64/-/win32-arm64-1.18.0.tgz",
      "integrity": "sha512-Px9436ey0xIuU3/PuXw8EwxJSWPIxiZ9pi7FiryOMisY0dNHQP9XlGvk1MNqzyFctNmas93ZG5zyyctzLTtiUg==",
      "cpu": [
        "arm64"
      ],
      "dev": true,
      "license": "MIT",
      "optional": true,
      "os": [
        "win32"
      ]
    },
    "node_modules/@oxlint/win32-x64": {
      "version": "1.18.0",
      "resolved": "https://registry.npmjs.org/@oxlint/win32-x64/-/win32-x64-1.18.0.tgz",
      "integrity": "sha512-6yG6xADwy3SJsBuV2TZXfDMWDAzDBpTx3Ja/shdHbhP+YiVT87rRESjT5dKmASqrzQViycgnZ71UXiTf/nxqTA==",
      "cpu": [
        "x64"
      ],
      "dev": true,
      "license": "MIT",
      "optional": true,
      "os": [
        "win32"
      ]
    },
    "node_modules/oxlint": {
      "version": "1.18.0",
      "resolved": "https://registry.npmjs.org/oxlint/-/oxlint-1.18.0.tgz",
      "integrity": "sha512-bR/XSaWwrRyt87IGdJtCIf3KLspkY4Ni7FfkOdERWihfyazs40NUMCyYICZo5ojU/8zIq+EWpa/gEf7wsoBOug==",
      "dev": true,
      "license": "MIT",
      "bin": {
        "oxc_language_server": "bin/oxc_language_server",
        "oxlint": "bin/oxlint"
      },
      "engines": {
        "node": "^20.19.0 || >=22.12.0"
      },
      "funding": {
        "url": "https://github.com/sponsors/Boshen"
      },
      "optionalDependencies": {
        "@oxlint/darwin-arm64": "1.18.0",
        "@oxlint/darwin-x64": "1.18.0",
        "@oxlint/linux-arm64-gnu": "1.18.0",
        "@oxlint/linux-arm64-musl": "1.18.0",
        "@oxlint/linux-x64-gnu": "1.18.0",
        "@oxlint/linux-x64-musl": "1.18.0",
        "@oxlint/win32-arm64": "1.18.0",
        "@oxlint/win32-x64": "1.18.0"
      },
      "peerDependencies": {
        "oxlint-tsgolint": ">=0.2.0"
      },
      "peerDependenciesMeta": {
        "oxlint-tsgolint": {
          "optional": true
        }
      }
    }
  }
}
