{
  "name": "oxfmt-nested-configs",
  "version": "1.0.0",
  "lockfileVersion": 3,
  "requires": true,
  "packages": {
    "": {
      "name": "oxfmt-nested-configs",
      "version": "1.0.0",
      "devDependencies": {
        "oxfmt": "0.25.0"
      }
    },
    "node_modules/@oxfmt/darwin-arm64": {
      "version": "0.25.0",
      "resolved": "https://registry.npmjs.org/@oxfmt/darwin-arm64/-/darwin-arm64-0.25.0.tgz",
      "integrity": "sha512-nmSRrzs0KY1ZDxnxoL3r2GPy5S2Lqd96HiUFc6gJU0QJzyhV+BM6Da6y3eb6hVuWRGD2TAGk0/1DMpOeA0fbVQ==",
      "cpu": [
        "arm64"
      ],
      "dev": true,
      "license": "MIT",
      "optional": true,
      "os": [
        "darwin"
      ]
    },
    "node_modules/@oxfmt/darwin-x64": {
      "version": "0.25.0",
      "resolved": "https://registry.npmjs.org/@oxfmt/darwin-x64/-/darwin-x64-0.25.0.tgz",
      "integrity": "sha512-+/cK2gLk2KQrEahVlNhkOO4mHRT+nktFe7vtDWDP+oHGXaUf+T4nEjRAC1b1e9meyvQkRT/csZ8UKnH47X3Vkw==",
      "cpu": [
        "x64"
      ],
      "dev": true,
      "license": "MIT",
      "optional": true,
      "os": [
        "darwin"
      ]
    },
    "node_modules/@oxfmt/linux-arm64-gnu": {
      "version": "0.25.0",
      "resolved": "https://registry.npmjs.org/@oxfmt/linux-arm64-gnu/-/linux-arm64-gnu-0.25.0.tgz",
      "integrity": "sha512-49lZ+ZzdJyV48WhVBJxoFPA+jqI9pyZjEFjzf8C/oIzqJpeYIXKPqPKSsSoxpyNNwJjKSU5vtEt22Wcy02SjfA==",
      "cpu": [
        "arm64"
      ],
      "dev": true,
      "license": "MIT",
      "optional": true,
      "os": [
        "linux"
      ]
    },
    "node_modules/@oxfmt/linux-arm64-musl": {
      "version": "0.25.0",
      "resolved": "https://registry.npmjs.org/@oxfmt/linux-arm64-musl/-/linux-arm64-musl-0.25.0.tgz",
      "integrity": "sha512-+/ocuSyP1QT+g42XfDMrOFcqAZm97EmrbApN3uSEMKjkMYynHDhnn9pUrd3npWUL5TJ1UP8+oef9HC+3xwM8aQ==",
      "cpu": [
        "arm64"
      ],
      "dev": true,
      "license": "MIT",
      "optional": true,
      "os": [
        "linux"
      ]
    },
    "node_modules/@oxfmt/linux-x64-gnu": {
      "version": "0.25.0",
      "resolved": "https://registry.npmjs.org/@oxfmt/linux-x64-gnu/-/linux-x64-gnu-0.25.0.tgz",
      "integrity": "sha512-yurvkJbcrNACvNjsIclFohM4RMAkJ8X0gjIe0VUYuZY10ZCzWfYKX5JxVSqSnRD2lt7+DgDrw+Yxu0zuc2pvUA==",
      "cpu": [
        "x64"
      ],
      "dev": true,
      "license": "MIT",
      "optional": true,
      "os": [
        "linux"
      ]
    },
    "node_modules/@oxfmt/linux-x64-musl": {
      "version": "0.25.0",
      "resolved": "https://registry.npmjs.org/@oxfmt/linux-x64-musl/-/linux-x64-musl-0.25.0.tgz",
      "integrity": "sha512-vB+Ow4+R/Cbyaq9xQVENfmhzYLcNsaCjHINlC3D8s7Qc6gD0OAM+paXgn5pLV1j9pKBpvgn7HRP5WLdyr/GsPg==",
      "cpu": [
        "x64"
      ],
      "dev": true,
      "license": "MIT",
      "optional": true,
      "os": [
        "linux"
      ]
    },
    "node_modules/@oxfmt/win32-arm64": {
      "version": "0.25.0",
      "resolved": "https://registry.npmjs.org/@oxfmt/win32-arm64/-/win32-arm64-0.25.0.tgz",
      "integrity": "sha512-iDuhX2FBAraHDp7Mo2EOgVN7R3s6EQjydmXTJlw9Ds2b4UclJHXNAwD0TQ30XV+VhHVtS4ErZdJMPZ5fghKSvQ==",
      "cpu": [
        "arm64"
      ],
      "dev": true,
      "license": "MIT",
      "optional": true,
      "os": [
        "win32"
      ]
    },
    "node_modules/@oxfmt/win32-x64": {
      "version": "0.25.0",
      "resolved": "https://registry.npmjs.org/@oxfmt/win32-x64/-/win32-x64-0.25.0.tgz",
      "integrity": "sha512-zXSu91JpOH+ESOgcPQA2gedLRqbxnxy5gRxVp0tbNY/Ymttb3woKmY3AHDT2Llv1t//A3RR7R0m4542QJJos+Q==",
      "cpu": [
        "x64"
      ],
      "dev": true,
      "license": "MIT",
      "optional": true,
      "os": [
        "win32"
      ]
    },
    "node_modules/oxfmt": {
      "version": "0.25.0",
      "resolved": "https://registry.npmjs.org/oxfmt/-/oxfmt-0.25.0.tgz",
      "integrity": "sha512-bsIKcT/h876sFnnhcLUiSFzhMhLh677f6SBVZS9ZOy/+wOT8K/jYI1vFVTqx4LIq3jnUs24SzTt3cPHpcn5V8A==",
      "dev": true,
      "license": "MIT",
      "dependencies": {
        "tinypool": "2.0.0"
      },
      "bin": {
        "oxfmt": "bin/oxfmt"
      },
      "engines": {
        "node": "^20.19.0 || >=22.12.0"
      },
      "funding": {
        "url": "https://github.com/sponsors/Boshen"
      },
      "optionalDependencies": {
        "@oxfmt/darwin-arm64": "0.25.0",
        "@oxfmt/darwin-x64": "0.25.0",
        "@oxfmt/linux-arm64-gnu": "0.25.0",
        "@oxfmt/linux-arm64-musl": "0.25.0",
        "@oxfmt/linux-x64-gnu": "0.25.0",
        "@oxfmt/linux-x64-musl": "0.25.0",
        "@oxfmt/win32-arm64": "0.25.0",
        "@oxfmt/win32-x64": "0.25.0"
      }
    },
    "node_modules/tinypool": {
      "version": "2.0.0",
      "resolved": "https://registry.npmjs.org/tinypool/-/tinypool-2.0.0.tgz",
      "integrity": "sha512-/RX9RzeH2xU5ADE7n2Ykvmi9ED3FBGPAjw9u3zucrNNaEBIO0HPSYgL0NT7+3p147ojeSdaVu08F6hjpv31HJg==",
      "dev": true,
      "license": "MIT",
      "engines": {
        "node": "^20.0.0 || >=22.0.0"
      }
    }
  }
}
