{
  "name": "oxfmt-nested-configs",
  "version": "1.0.0",
  "lockfileVersion": 3,
  "requires": true,
  "packages": {
    "": {
      "name": "oxfmt-nested-configs",
      "version": "1.0.0",
      "devDependencies": {
        "oxfmt": "0.21.0"
      }
    },
    "node_modules/@oxfmt/darwin-arm64": {
      "version": "0.21.0",
      "resolved": "https://registry.npmjs.org/@oxfmt/darwin-arm64/-/darwin-arm64-0.21.0.tgz",
      "integrity": "sha512-defgGcchFCq2F7f5Nr3E4VXYW1sUhBGmIejgcPZ1gSsc8FAeT+vP5cSeGnDv+kcX+OKFDt89C67c31qZ6yZBsQ==",
      "cpu": [
        "arm64"
      ],
      "dev": true,
      "license": "MIT",
      "optional": true,
      "os": [
        "darwin"
      ]
    },
    "node_modules/@oxfmt/darwin-x64": {
      "version": "0.21.0",
      "resolved": "https://registry.npmjs.org/@oxfmt/darwin-x64/-/darwin-x64-0.21.0.tgz",
      "integrity": "sha512-rYJinOZRabPF2V3kn0TWX4vcYHV2F+DkGewNP8HZ/OXQ3CEJKP+E7KCnEz/x614g3/S5J7cahr9l5Mr3AEZigA==",
      "cpu": [
        "x64"
      ],
      "dev": true,
      "license": "MIT",
      "optional": true,
      "os": [
        "darwin"
      ]
    },
    "node_modules/@oxfmt/linux-arm64-gnu": {
      "version": "0.21.0",
      "resolved": "https://registry.npmjs.org/@oxfmt/linux-arm64-gnu/-/linux-arm64-gnu-0.21.0.tgz",
      "integrity": "sha512-ILTv8stX3r2gK+pgSc2alJrbpI4i8zlLXzuuhUsjeEN/Ti//Z38MDi6kTov3pzcaBEnQ/xEMgQyczokp7jpyyQ==",
      "cpu": [
        "arm64"
      ],
      "dev": true,
      "license": "MIT",
      "optional": true,
      "os": [
        "linux"
      ]
    },
    "node_modules/@oxfmt/linux-arm64-musl": {
      "version": "0.21.0",
      "resolved": "https://registry.npmjs.org/@oxfmt/linux-arm64-musl/-/linux-arm64-musl-0.21.0.tgz",
      "integrity": "sha512-kFZ0vPJzsGjkrwq2MPEpp8TjV7/Znv9kCEwLF+HcFwvfcSt75dWloGmTRRrViH0ACaCM7YBSDUOV8E4nyLvxPA==",
      "cpu": [
        "arm64"
      ],
      "dev": true,
      "license": "MIT",
      "optional": true,
      "os": [
        "linux"
      ]
    },
    "node_modules/@oxfmt/linux-x64-gnu": {
      "version": "0.21.0",
      "resolved": "https://registry.npmjs.org/@oxfmt/linux-x64-gnu/-/linux-x64-gnu-0.21.0.tgz",
      "integrity": "sha512-VH8ZcS2TkTBE0v9cLxjNGX++vB9Xvx/7VTFrbwHYzY/fYypYTwQ+n1KplUQoU+LrMC0nKqwPWYzvA5/cAfo5zg==",
      "cpu": [
        "x64"
      ],
      "dev": true,
      "license": "MIT",
      "optional": true,
      "os": [
        "linux"
      ]
    },
    "node_modules/@oxfmt/linux-x64-musl": {
      "version": "0.21.0",
      "resolved": "https://registry.npmjs.org/@oxfmt/linux-x64-musl/-/linux-x64-musl-0.21.0.tgz",
      "integrity": "sha512-qleaVEFHw/kmbvNj3hjobX1kwbP2/d7SVJzQjyEFULou1v3EZj7jWbblIu7GmDCSspdiEk1j/pZDYH801Dn8QA==",
      "cpu": [
        "x64"
      ],
      "dev": true,
      "license": "MIT",
      "optional": true,
      "os": [
        "linux"
      ]
    },
    "node_modules/@oxfmt/win32-arm64": {
      "version": "0.21.0",
      "resolved": "https://registry.npmjs.org/@oxfmt/win32-arm64/-/win32-arm64-0.21.0.tgz",
      "integrity": "sha512-JLZUo5qEyJfxhoj6KEU/CqI8FQlzIP8rBq7qGTq0kCJ2yZJC9tysBqJYZXvX88ShiNe89/T/H3khodaKGBBNgg==",
      "cpu": [
        "arm64"
      ],
      "dev": true,
      "license": "MIT",
      "optional": true,
      "os": [
        "win32"
      ]
    },
    "node_modules/@oxfmt/win32-x64": {
      "version": "0.21.0",
      "resolved": "https://registry.npmjs.org/@oxfmt/win32-x64/-/win32-x64-0.21.0.tgz",
      "integrity": "sha512-DYNpbuPzUhTuWUIqDhwSaV1mK+VcknD4ANaEON+/ygaNGriSZ4pRUt1BTRcXfcOF9GZ4BO9udjv31S0bAEsFeQ==",
      "cpu": [
        "x64"
      ],
      "dev": true,
      "license": "MIT",
      "optional": true,
      "os": [
        "win32"
      ]
    },
    "node_modules/oxfmt": {
      "version": "0.21.0",
      "resolved": "https://registry.npmjs.org/oxfmt/-/oxfmt-0.21.0.tgz",
      "integrity": "sha512-EXK5pd1kGbI8hp9Ld69oy/ObAoe+gfH3dYHBviKqwSAHNkAHiqxWF1hnrWj5oun1GnQ8bVpqBMMVXJESMx6/+g==",
      "dev": true,
      "license": "MIT",
      "dependencies": {
        "tinypool": "2.0.0"
      },
      "bin": {
        "oxfmt": "bin/oxfmt"
      },
      "engines": {
        "node": "^20.19.0 || >=22.12.0"
      },
      "funding": {
        "url": "https://github.com/sponsors/Boshen"
      },
      "optionalDependencies": {
        "@oxfmt/darwin-arm64": "0.21.0",
        "@oxfmt/darwin-x64": "0.21.0",
        "@oxfmt/linux-arm64-gnu": "0.21.0",
        "@oxfmt/linux-arm64-musl": "0.21.0",
        "@oxfmt/linux-x64-gnu": "0.21.0",
        "@oxfmt/linux-x64-musl": "0.21.0",
        "@oxfmt/win32-arm64": "0.21.0",
        "@oxfmt/win32-x64": "0.21.0"
      }
    },
    "node_modules/tinypool": {
      "version": "2.0.0",
      "resolved": "https://registry.npmjs.org/tinypool/-/tinypool-2.0.0.tgz",
      "integrity": "sha512-/RX9RzeH2xU5ADE7n2Ykvmi9ED3FBGPAjw9u3zucrNNaEBIO0HPSYgL0NT7+3p147ojeSdaVu08F6hjpv31HJg==",
      "dev": true,
      "license": "MIT",
      "engines": {
        "node": "^20.0.0 || >=22.0.0"
      }
    }
  }
}
